// !$*UTF8*$!
{
	archiveVersion = 1;
	classes = {
	};
	objectVersion = 46;
	objects = {

/* Begin PBXBuildFile section */
		7C5A9B4D15E24A7300FDAC4E /* UIKit.framework in Frameworks */ = {isa = PBXBuildFile; fileRef = 7C5A9B4C15E24A7300FDAC4E /* UIKit.framework */; };
		7C5A9B4F15E24A7300FDAC4E /* Foundation.framework in Frameworks */ = {isa = PBXBuildFile; fileRef = 7C5A9B4E15E24A7300FDAC4E /* Foundation.framework */; };
		7C5A9B5115E24A7300FDAC4E /* CoreGraphics.framework in Frameworks */ = {isa = PBXBuildFile; fileRef = 7C5A9B5015E24A7300FDAC4E /* CoreGraphics.framework */; };
		7C5A9B5715E24A7300FDAC4E /* InfoPlist.strings in Resources */ = {isa = PBXBuildFile; fileRef = 7C5A9B5515E24A7300FDAC4E /* InfoPlist.strings */; };
		7C5A9B5915E24A7300FDAC4E /* main.m in Sources */ = {isa = PBXBuildFile; fileRef = 7C5A9B5815E24A7300FDAC4E /* main.m */; };
		7C5A9B8815E24E7000FDAC4E /* FBDialog.bundle in Resources */ = {isa = PBXBuildFile; fileRef = 7C5A9B7B15E24E7000FDAC4E /* FBDialog.bundle */; };
		7C5A9B8915E24E7000FDAC4E /* libfacebook_ios_sdk.a in Frameworks */ = {isa = PBXBuildFile; fileRef = 7C5A9B8115E24E7000FDAC4E /* libfacebook_ios_sdk.a */; };
		7C5A9B8D15E251E200FDAC4E /* libGoogleAnalytics.a in Frameworks */ = {isa = PBXBuildFile; fileRef = 7C5A9B8C15E251E200FDAC4E /* libGoogleAnalytics.a */; };
		7C5A9BB915E2544900FDAC4E /* 60-signpost.png in Resources */ = {isa = PBXBuildFile; fileRef = 7C5A9BB015E2544900FDAC4E /* 60-signpost.png */; };
		7C5A9BD515E2552100FDAC4E /* BlackBackGround.png in Resources */ = {isa = PBXBuildFile; fileRef = 7C5A9BCE15E2552100FDAC4E /* BlackBackGround.png */; };
		7C5A9BF515E2585900FDAC4E /* Twitter.framework in Frameworks */ = {isa = PBXBuildFile; fileRef = 7C5A9BF415E2585900FDAC4E /* Twitter.framework */; };
		7C5A9BF715E2586500FDAC4E /* SystemConfiguration.framework in Frameworks */ = {isa = PBXBuildFile; fileRef = 7C5A9BF615E2586500FDAC4E /* SystemConfiguration.framework */; };
		7C5A9BF915E2587200FDAC4E /* MediaPlayer.framework in Frameworks */ = {isa = PBXBuildFile; fileRef = 7C5A9BF815E2587200FDAC4E /* MediaPlayer.framework */; };
		7C5A9BFB15E2587C00FDAC4E /* StoreKit.framework in Frameworks */ = {isa = PBXBuildFile; fileRef = 7C5A9BFA15E2587C00FDAC4E /* StoreKit.framework */; };
		7C5A9BFD15E2588700FDAC4E /* MessageUI.framework in Frameworks */ = {isa = PBXBuildFile; fileRef = 7C5A9BFC15E2588700FDAC4E /* MessageUI.framework */; };
		7C5A9BFF15E2588F00FDAC4E /* CFNetwork.framework in Frameworks */ = {isa = PBXBuildFile; fileRef = 7C5A9BFE15E2588F00FDAC4E /* CFNetwork.framework */; };
		7C5A9C0115E258AC00FDAC4E /* libsqlite3.dylib in Frameworks */ = {isa = PBXBuildFile; fileRef = 7C5A9C0015E258AC00FDAC4E /* libsqlite3.dylib */; };
		7C5A9C0415E2592100FDAC4E /* ConfigObject.m in Sources */ = {isa = PBXBuildFile; fileRef = 7C5A9B9115E253C700FDAC4E /* ConfigObject.m */; };
		7C5A9C0515E2592900FDAC4E /* LearnersCloudSamplesVideos.m in Sources */ = {isa = PBXBuildFile; fileRef = 7C5A9B9415E253FD00FDAC4E /* LearnersCloudSamplesVideos.m */; };
		7C5A9C0615E2593100FDAC4E /* AdminDashBoard.m in Sources */ = {isa = PBXBuildFile; fileRef = 7C5A9B9615E253FD00FDAC4E /* AdminDashBoard.m */; };
		7C5A9C0715E2593900FDAC4E /* Report.m in Sources */ = {isa = PBXBuildFile; fileRef = 7C5A9B9815E253FD00FDAC4E /* Report.m */; };
		7C5A9C0815E2596600FDAC4E /* Help.m in Sources */ = {isa = PBXBuildFile; fileRef = 7C5A9B9A15E253FD00FDAC4E /* Help.m */; };
		7C5A9C0915E2596600FDAC4E /* TermsAndConditions.m in Sources */ = {isa = PBXBuildFile; fileRef = 7C5A9B9C15E253FD00FDAC4E /* TermsAndConditions.m */; };
		7C5A9C0A15E2596600FDAC4E /* HowtoUse.m in Sources */ = {isa = PBXBuildFile; fileRef = 7C5A9B9E15E253FD00FDAC4E /* HowtoUse.m */; };
		7C5A9C0B15E2596600FDAC4E /* PopUpTableviewViewController.m in Sources */ = {isa = PBXBuildFile; fileRef = 7C5A9BA015E253FD00FDAC4E /* PopUpTableviewViewController.m */; };
		7C5A9C0C15E2596600FDAC4E /* Start.m in Sources */ = {isa = PBXBuildFile; fileRef = 7C5A9BA315E2542300FDAC4E /* Start.m */; };
		7C5A9C0D15E2596600FDAC4E /* FreeVideosClass.m in Sources */ = {isa = PBXBuildFile; fileRef = 7C5A9BA515E2542300FDAC4E /* FreeVideosClass.m */; };
		7C5A9C0E15E2596600FDAC4E /* VideoPlayer.m in Sources */ = {isa = PBXBuildFile; fileRef = 7C5A9BA715E2542300FDAC4E /* VideoPlayer.m */; };
		7C5A9C0F15E2596600FDAC4E /* Buy.m in Sources */ = {isa = PBXBuildFile; fileRef = 7C5A9BA915E2542300FDAC4E /* Buy.m */; };
		7C5A9C1015E2596600FDAC4E /* CustomStoreObserver.m in Sources */ = {isa = PBXBuildFile; fileRef = 7C5A9BAB15E2542300FDAC4E /* CustomStoreObserver.m */; };
		7C5A9C1115E2596600FDAC4E /* AppDelegate.m in Sources */ = {isa = PBXBuildFile; fileRef = 7C5A9BC015E2549D00FDAC4E /* AppDelegate.m */; };
		7C5A9C1215E2596600FDAC4E /* TabBar.m in Sources */ = {isa = PBXBuildFile; fileRef = 7C5A9BC315E2549D00FDAC4E /* TabBar.m */; };
		7C5A9C1315E2596600FDAC4E /* ActivityIndicator.m in Sources */ = {isa = PBXBuildFile; fileRef = 7C5A9BC515E2549D00FDAC4E /* ActivityIndicator.m */; };
		7C5A9C1915E2669800FDAC4E /* Reachability.m in Sources */ = {isa = PBXBuildFile; fileRef = 7C5A9C0315E258C200FDAC4E /* Reachability.m */; settings = {COMPILER_FLAGS = "-fno-objc-arc"; }; };
		7C5A9C2215E269C600FDAC4E /* MainWindow.xib in Resources */ = {isa = PBXBuildFile; fileRef = 7C5A9BC115E2549D00FDAC4E /* MainWindow.xib */; };
		7C7F9CA615E3D2C9000C4F4C /* 1.png in Resources */ = {isa = PBXBuildFile; fileRef = 7C7F9C6015E3D2C9000C4F4C /* 1.png */; };
		7C7F9CA715E3D2C9000C4F4C /* 2.png in Resources */ = {isa = PBXBuildFile; fileRef = 7C7F9C6115E3D2C9000C4F4C /* 2.png */; };
		7C7F9CA815E3D2C9000C4F4C /* 3.png in Resources */ = {isa = PBXBuildFile; fileRef = 7C7F9C6215E3D2C9000C4F4C /* 3.png */; };
		7C7F9CA915E3D2C9000C4F4C /* 4.png in Resources */ = {isa = PBXBuildFile; fileRef = 7C7F9C6315E3D2C9000C4F4C /* 4.png */; };
		7C7F9CAA15E3D2C9000C4F4C /* 5.png in Resources */ = {isa = PBXBuildFile; fileRef = 7C7F9C6415E3D2C9000C4F4C /* 5.png */; };
		7C7F9CAB15E3D2C9000C4F4C /* 6.png in Resources */ = {isa = PBXBuildFile; fileRef = 7C7F9C6515E3D2C9000C4F4C /* 6.png */; };
		7C7F9CAC15E3D2C9000C4F4C /* 7.png in Resources */ = {isa = PBXBuildFile; fileRef = 7C7F9C6615E3D2C9000C4F4C /* 7.png */; };
		7C7F9CAD15E3D2C9000C4F4C /* 8.png in Resources */ = {isa = PBXBuildFile; fileRef = 7C7F9C6715E3D2C9000C4F4C /* 8.png */; };
		7C7F9CAE15E3D2C9000C4F4C /* 9.png in Resources */ = {isa = PBXBuildFile; fileRef = 7C7F9C6815E3D2C9000C4F4C /* 9.png */; };
		7C7F9CAF15E3D2C9000C4F4C /* 10.png in Resources */ = {isa = PBXBuildFile; fileRef = 7C7F9C6915E3D2C9000C4F4C /* 10.png */; };
		7C7F9CB015E3D2C9000C4F4C /* 11.png in Resources */ = {isa = PBXBuildFile; fileRef = 7C7F9C6A15E3D2C9000C4F4C /* 11.png */; };
		7C7F9CB115E3D2C9000C4F4C /* 12.png in Resources */ = {isa = PBXBuildFile; fileRef = 7C7F9C6B15E3D2C9000C4F4C /* 12.png */; };
		7C7F9CB215E3D2C9000C4F4C /* 13.png in Resources */ = {isa = PBXBuildFile; fileRef = 7C7F9C6C15E3D2C9000C4F4C /* 13.png */; };
		7C7F9CB315E3D2C9000C4F4C /* 14.png in Resources */ = {isa = PBXBuildFile; fileRef = 7C7F9C6D15E3D2C9000C4F4C /* 14.png */; };
		7C7F9CB415E3D2C9000C4F4C /* 15.png in Resources */ = {isa = PBXBuildFile; fileRef = 7C7F9C6E15E3D2C9000C4F4C /* 15.png */; };
		7C7F9CB515E3D2C9000C4F4C /* 16.png in Resources */ = {isa = PBXBuildFile; fileRef = 7C7F9C6F15E3D2C9000C4F4C /* 16.png */; };
		7C7F9CB615E3D2C9000C4F4C /* 17.png in Resources */ = {isa = PBXBuildFile; fileRef = 7C7F9C7015E3D2C9000C4F4C /* 17.png */; };
		7C7F9CB715E3D2C9000C4F4C /* 18.png in Resources */ = {isa = PBXBuildFile; fileRef = 7C7F9C7115E3D2C9000C4F4C /* 18.png */; };
		7C7F9CB815E3D2C9000C4F4C /* 19.png in Resources */ = {isa = PBXBuildFile; fileRef = 7C7F9C7215E3D2C9000C4F4C /* 19.png */; };
		7C7F9CB915E3D2C9000C4F4C /* 20.png in Resources */ = {isa = PBXBuildFile; fileRef = 7C7F9C7315E3D2C9000C4F4C /* 20.png */; };
		7C7F9CBA15E3D2C9000C4F4C /* 21.png in Resources */ = {isa = PBXBuildFile; fileRef = 7C7F9C7415E3D2C9000C4F4C /* 21.png */; };
		7C7F9CBB15E3D2C9000C4F4C /* 22.png in Resources */ = {isa = PBXBuildFile; fileRef = 7C7F9C7515E3D2C9000C4F4C /* 22.png */; };
		7C7F9CBC15E3D2C9000C4F4C /* 23.png in Resources */ = {isa = PBXBuildFile; fileRef = 7C7F9C7615E3D2C9000C4F4C /* 23.png */; };
		7C7F9CBD15E3D2C9000C4F4C /* 24.png in Resources */ = {isa = PBXBuildFile; fileRef = 7C7F9C7715E3D2C9000C4F4C /* 24.png */; };
		7C7F9CBE15E3D2C9000C4F4C /* 25.png in Resources */ = {isa = PBXBuildFile; fileRef = 7C7F9C7815E3D2C9000C4F4C /* 25.png */; };
		7C7F9CBF15E3D2C9000C4F4C /* 26.png in Resources */ = {isa = PBXBuildFile; fileRef = 7C7F9C7915E3D2C9000C4F4C /* 26.png */; };
		7C7F9CC015E3D2C9000C4F4C /* 27.png in Resources */ = {isa = PBXBuildFile; fileRef = 7C7F9C7A15E3D2C9000C4F4C /* 27.png */; };
		7C7F9CC115E3D2C9000C4F4C /* 28.png in Resources */ = {isa = PBXBuildFile; fileRef = 7C7F9C7B15E3D2C9000C4F4C /* 28.png */; };
		7C7F9CC215E3D2C9000C4F4C /* 29.png in Resources */ = {isa = PBXBuildFile; fileRef = 7C7F9C7C15E3D2C9000C4F4C /* 29.png */; };
		7C7F9CC315E3D2C9000C4F4C /* 30.png in Resources */ = {isa = PBXBuildFile; fileRef = 7C7F9C7D15E3D2C9000C4F4C /* 30.png */; };
		7C7F9CC415E3D2C9000C4F4C /* 31.png in Resources */ = {isa = PBXBuildFile; fileRef = 7C7F9C7E15E3D2C9000C4F4C /* 31.png */; };
		7C7F9CC515E3D2C9000C4F4C /* 32.png in Resources */ = {isa = PBXBuildFile; fileRef = 7C7F9C7F15E3D2C9000C4F4C /* 32.png */; };
		7C7F9CC615E3D2C9000C4F4C /* 33.png in Resources */ = {isa = PBXBuildFile; fileRef = 7C7F9C8015E3D2C9000C4F4C /* 33.png */; };
		7C7F9CC715E3D2C9000C4F4C /* 34.png in Resources */ = {isa = PBXBuildFile; fileRef = 7C7F9C8115E3D2C9000C4F4C /* 34.png */; };
		7C7F9CC815E3D2C9000C4F4C /* 35.png in Resources */ = {isa = PBXBuildFile; fileRef = 7C7F9C8215E3D2C9000C4F4C /* 35.png */; };
		7C7F9CC915E3D2C9000C4F4C /* 36.png in Resources */ = {isa = PBXBuildFile; fileRef = 7C7F9C8315E3D2C9000C4F4C /* 36.png */; };
		7C7F9CCA15E3D2C9000C4F4C /* 37.png in Resources */ = {isa = PBXBuildFile; fileRef = 7C7F9C8415E3D2C9000C4F4C /* 37.png */; };
		7C7F9CCB15E3D2C9000C4F4C /* 38.png in Resources */ = {isa = PBXBuildFile; fileRef = 7C7F9C8515E3D2C9000C4F4C /* 38.png */; };
		7C7F9CCC15E3D2C9000C4F4C /* 39.png in Resources */ = {isa = PBXBuildFile; fileRef = 7C7F9C8615E3D2C9000C4F4C /* 39.png */; };
		7C7F9CCD15E3D2C9000C4F4C /* 40.png in Resources */ = {isa = PBXBuildFile; fileRef = 7C7F9C8715E3D2C9000C4F4C /* 40.png */; };
		7C7F9CCE15E3D2C9000C4F4C /* 41.png in Resources */ = {isa = PBXBuildFile; fileRef = 7C7F9C8815E3D2C9000C4F4C /* 41.png */; };
		7C7F9CCF15E3D2C9000C4F4C /* 42.png in Resources */ = {isa = PBXBuildFile; fileRef = 7C7F9C8915E3D2C9000C4F4C /* 42.png */; };
		7C7F9CD015E3D2C9000C4F4C /* 43.png in Resources */ = {isa = PBXBuildFile; fileRef = 7C7F9C8A15E3D2C9000C4F4C /* 43.png */; };
		7C7F9CD115E3D2C9000C4F4C /* 44.png in Resources */ = {isa = PBXBuildFile; fileRef = 7C7F9C8B15E3D2C9000C4F4C /* 44.png */; };
		7C7F9CD215E3D2C9000C4F4C /* 45.png in Resources */ = {isa = PBXBuildFile; fileRef = 7C7F9C8C15E3D2C9000C4F4C /* 45.png */; };
		7C7F9CD315E3D2C9000C4F4C /* 46.png in Resources */ = {isa = PBXBuildFile; fileRef = 7C7F9C8D15E3D2C9000C4F4C /* 46.png */; };
		7C7F9CD415E3D2C9000C4F4C /* 47.png in Resources */ = {isa = PBXBuildFile; fileRef = 7C7F9C8E15E3D2C9000C4F4C /* 47.png */; };
		7C7F9CD515E3D2C9000C4F4C /* 48.png in Resources */ = {isa = PBXBuildFile; fileRef = 7C7F9C8F15E3D2C9000C4F4C /* 48.png */; };
		7C7F9CD615E3D2C9000C4F4C /* 49.png in Resources */ = {isa = PBXBuildFile; fileRef = 7C7F9C9015E3D2C9000C4F4C /* 49.png */; };
		7C7F9CD715E3D2C9000C4F4C /* 50.png in Resources */ = {isa = PBXBuildFile; fileRef = 7C7F9C9115E3D2C9000C4F4C /* 50.png */; };
		7C7F9CD815E3D2C9000C4F4C /* 51.png in Resources */ = {isa = PBXBuildFile; fileRef = 7C7F9C9215E3D2C9000C4F4C /* 51.png */; };
		7C7F9CD915E3D2C9000C4F4C /* 52.png in Resources */ = {isa = PBXBuildFile; fileRef = 7C7F9C9315E3D2C9000C4F4C /* 52.png */; };
		7C7F9CDA15E3D2C9000C4F4C /* 53.png in Resources */ = {isa = PBXBuildFile; fileRef = 7C7F9C9415E3D2C9000C4F4C /* 53.png */; };
		7C7F9CDB15E3D2C9000C4F4C /* 54.png in Resources */ = {isa = PBXBuildFile; fileRef = 7C7F9C9515E3D2C9000C4F4C /* 54.png */; };
		7C7F9CDC15E3D2CA000C4F4C /* 55.png in Resources */ = {isa = PBXBuildFile; fileRef = 7C7F9C9615E3D2C9000C4F4C /* 55.png */; };
		7C7F9CDD15E3D2CA000C4F4C /* 56.png in Resources */ = {isa = PBXBuildFile; fileRef = 7C7F9C9715E3D2C9000C4F4C /* 56.png */; };
		7C7F9CDE15E3D2CA000C4F4C /* 57.png in Resources */ = {isa = PBXBuildFile; fileRef = 7C7F9C9815E3D2C9000C4F4C /* 57.png */; };
		7C7F9CDF15E3D2CA000C4F4C /* 58.png in Resources */ = {isa = PBXBuildFile; fileRef = 7C7F9C9915E3D2C9000C4F4C /* 58.png */; };
		7C7F9CE015E3D2CA000C4F4C /* 59.png in Resources */ = {isa = PBXBuildFile; fileRef = 7C7F9C9A15E3D2C9000C4F4C /* 59.png */; };
		7C7F9CE115E3D2CA000C4F4C /* 60.png in Resources */ = {isa = PBXBuildFile; fileRef = 7C7F9C9B15E3D2C9000C4F4C /* 60.png */; };
		7C7F9CE215E3D2CA000C4F4C /* 61.png in Resources */ = {isa = PBXBuildFile; fileRef = 7C7F9C9C15E3D2C9000C4F4C /* 61.png */; };
		7C7F9CE315E3D2CA000C4F4C /* 62.png in Resources */ = {isa = PBXBuildFile; fileRef = 7C7F9C9D15E3D2C9000C4F4C /* 62.png */; };
		7C7F9CE415E3D2CA000C4F4C /* 63.png in Resources */ = {isa = PBXBuildFile; fileRef = 7C7F9C9E15E3D2C9000C4F4C /* 63.png */; };
		7C7F9CE515E3D2CA000C4F4C /* 64.png in Resources */ = {isa = PBXBuildFile; fileRef = 7C7F9C9F15E3D2C9000C4F4C /* 64.png */; };
		7C7F9CE615E3D2CA000C4F4C /* 65.png in Resources */ = {isa = PBXBuildFile; fileRef = 7C7F9CA015E3D2C9000C4F4C /* 65.png */; };
		7C7F9CE715E3D2CA000C4F4C /* 66.png in Resources */ = {isa = PBXBuildFile; fileRef = 7C7F9CA115E3D2C9000C4F4C /* 66.png */; };
		7C7F9CE815E3D2CA000C4F4C /* 67.png in Resources */ = {isa = PBXBuildFile; fileRef = 7C7F9CA215E3D2C9000C4F4C /* 67.png */; };
		7C7F9CE915E3D2CA000C4F4C /* 68.png in Resources */ = {isa = PBXBuildFile; fileRef = 7C7F9CA315E3D2C9000C4F4C /* 68.png */; };
		7C7F9CEA15E3D2CA000C4F4C /* 69.png in Resources */ = {isa = PBXBuildFile; fileRef = 7C7F9CA415E3D2C9000C4F4C /* 69.png */; };
		7C7F9CEB15E3D2CA000C4F4C /* 70.png in Resources */ = {isa = PBXBuildFile; fileRef = 7C7F9CA515E3D2C9000C4F4C /* 70.png */; };
		7CA52FFC162FF09E005FACC4 /* Icon-72@2x.png in Resources */ = {isa = PBXBuildFile; fileRef = 7CA52FFA162FF09E005FACC4 /* Icon-72@2x.png */; };
		7CA52FFD162FF09E005FACC4 /* Icon-Small-50@2x.png in Resources */ = {isa = PBXBuildFile; fileRef = 7CA52FFB162FF09E005FACC4 /* Icon-Small-50@2x.png */; };
		7CA53003162FF38F005FACC4 /* website_promo.png in Resources */ = {isa = PBXBuildFile; fileRef = 7CA52FFE162FF38F005FACC4 /* website_promo.png */; };
		7CA53004162FF38F005FACC4 /* website_promo@2x.png in Resources */ = {isa = PBXBuildFile; fileRef = 7CA52FFF162FF38F005FACC4 /* website_promo@2x.png */; };
		7CA53005162FF38F005FACC4 /* web_promo_btn.png in Resources */ = {isa = PBXBuildFile; fileRef = 7CA53000162FF38F005FACC4 /* web_promo_btn.png */; };
		7CA53006162FF38F005FACC4 /* buy_now.png in Resources */ = {isa = PBXBuildFile; fileRef = 7CA53001162FF38F005FACC4 /* buy_now.png */; };
		7CA53007162FF38F005FACC4 /* buy_now@2x.png in Resources */ = {isa = PBXBuildFile; fileRef = 7CA53002162FF38F005FACC4 /* buy_now@2x.png */; };
		7CA5300E162FF3A0005FACC4 /* free.png in Resources */ = {isa = PBXBuildFile; fileRef = 7CA53008162FF3A0005FACC4 /* free.png */; };
		7CA5300F162FF3A0005FACC4 /* subscribe.png in Resources */ = {isa = PBXBuildFile; fileRef = 7CA53009162FF3A0005FACC4 /* subscribe.png */; };
		7CA53010162FF3A0005FACC4 /* Default-Landscape.png in Resources */ = {isa = PBXBuildFile; fileRef = 7CA5300A162FF3A0005FACC4 /* Default-Landscape.png */; };
		7CA53011162FF3A0005FACC4 /* Default-Portrait.png in Resources */ = {isa = PBXBuildFile; fileRef = 7CA5300B162FF3A0005FACC4 /* Default-Portrait.png */; };
		7CA53012162FF3A0005FACC4 /* Default-Portrait@2x.png in Resources */ = {isa = PBXBuildFile; fileRef = 7CA5300C162FF3A0005FACC4 /* Default-Portrait@2x.png */; };
		7CA53013162FF3A0005FACC4 /* Default-Landscape@2x.png in Resources */ = {isa = PBXBuildFile; fileRef = 7CA5300D162FF3A0005FACC4 /* Default-Landscape@2x.png */; };
		7CA5301C162FF3B8005FACC4 /* Background.png in Resources */ = {isa = PBXBuildFile; fileRef = 7CA53014162FF3B7005FACC4 /* Background.png */; };
		7CA5301D162FF3B8005FACC4 /* Background@2x.png in Resources */ = {isa = PBXBuildFile; fileRef = 7CA53015162FF3B7005FACC4 /* Background@2x.png */; };
		7CA5301E162FF3B8005FACC4 /* header_bar.png in Resources */ = {isa = PBXBuildFile; fileRef = 7CA53016162FF3B8005FACC4 /* header_bar.png */; };
		7CA5301F162FF3B8005FACC4 /* share_intro.png in Resources */ = {isa = PBXBuildFile; fileRef = 7CA53017162FF3B8005FACC4 /* share_intro.png */; };
		7CA53020162FF3B8005FACC4 /* share_intro@2x.png in Resources */ = {isa = PBXBuildFile; fileRef = 7CA53018162FF3B8005FACC4 /* share_intro@2x.png */; };
		7CA53021162FF3B8005FACC4 /* divider_notifications.png in Resources */ = {isa = PBXBuildFile; fileRef = 7CA53019162FF3B8005FACC4 /* divider_notifications.png */; };
		7CA53022162FF3B8005FACC4 /* divider_share.png in Resources */ = {isa = PBXBuildFile; fileRef = 7CA5301A162FF3B8005FACC4 /* divider_share.png */; };
		7CA53023162FF3B8005FACC4 /* free_and_paid_videos.png in Resources */ = {isa = PBXBuildFile; fileRef = 7CA5301B162FF3B8005FACC4 /* free_and_paid_videos.png */; };
		7CA53025162FF41F005FACC4 /* TV_chemistry_header.png in Resources */ = {isa = PBXBuildFile; fileRef = 7CA53024162FF41F005FACC4 /* TV_chemistry_header.png */; };
		7CA53028162FF440005FACC4 /* hero_chemistry.png in Resources */ = {isa = PBXBuildFile; fileRef = 7CA53026162FF440005FACC4 /* hero_chemistry.png */; };
		7CA53029162FF440005FACC4 /* hero_chemistry@2x.png in Resources */ = {isa = PBXBuildFile; fileRef = 7CA53027162FF440005FACC4 /* hero_chemistry@2x.png */; };
		7CA5302F162FF4A6005FACC4 /* icon_email_to_friend.png in Resources */ = {isa = PBXBuildFile; fileRef = 7CA5302A162FF4A6005FACC4 /* icon_email_to_friend.png */; };
		7CA53030162FF4A6005FACC4 /* icon_like_on_facebook.png in Resources */ = {isa = PBXBuildFile; fileRef = 7CA5302B162FF4A6005FACC4 /* icon_like_on_facebook.png */; };
		7CA53031162FF4A6005FACC4 /* icon_share_on_twitter.png in Resources */ = {isa = PBXBuildFile; fileRef = 7CA5302C162FF4A6005FACC4 /* icon_share_on_twitter.png */; };
		7CA53032162FF4A6005FACC4 /* icon_follow_on_twitter.png in Resources */ = {isa = PBXBuildFile; fileRef = 7CA5302D162FF4A6005FACC4 /* icon_follow_on_twitter.png */; };
		7CA53033162FF4A6005FACC4 /* icon_share_on_facebook.png in Resources */ = {isa = PBXBuildFile; fileRef = 7CA5302E162FF4A6005FACC4 /* icon_share_on_facebook.png */; };
		7CA53035162FF4E2005FACC4 /* btn_videos_deselected.png in Resources */ = {isa = PBXBuildFile; fileRef = 7CA53034162FF4E2005FACC4 /* btn_videos_deselected.png */; };
		7CA5303C162FFF84005FACC4 /* LearnersCloudTermsonapps.pdf in Resources */ = {isa = PBXBuildFile; fileRef = 7CA5303A162FFF84005FACC4 /* LearnersCloudTermsonapps.pdf */; };
		7CA5303D162FFF84005FACC4 /* HowtouseVideoStreamer.pdf in Resources */ = {isa = PBXBuildFile; fileRef = 7CA5303B162FFF84005FACC4 /* HowtouseVideoStreamer.pdf */; };
		7CA5303E16301D20005FACC4 /* UnderlinedButton.m in Sources */ = {isa = PBXBuildFile; fileRef = 7CA53037162FF5A6005FACC4 /* UnderlinedButton.m */; };
		7CA5303F16301D20005FACC4 /* TransparentToolBar.m in Sources */ = {isa = PBXBuildFile; fileRef = 7CA53039162FF5A6005FACC4 /* TransparentToolBar.m */; };
		7CCC134815E7A75E00894EFB /* Icon-72.png in Resources */ = {isa = PBXBuildFile; fileRef = 7CCC134315E7A75E00894EFB /* Icon-72.png */; };
		7CCC134915E7A75E00894EFB /* Icon-Small-50.png in Resources */ = {isa = PBXBuildFile; fileRef = 7CCC134415E7A75E00894EFB /* Icon-Small-50.png */; };
		7CCC134C15E7A75E00894EFB /* iTunesArtwork.png in Resources */ = {isa = PBXBuildFile; fileRef = 7CCC134715E7A75E00894EFB /* iTunesArtwork.png */; };
/* End PBXBuildFile section */

/* Begin PBXFileReference section */
		7C5A9B4815E24A7300FDAC4E /* Chemistry.app */ = {isa = PBXFileReference; explicitFileType = wrapper.application; includeInIndex = 0; path = Chemistry.app; sourceTree = BUILT_PRODUCTS_DIR; };
		7C5A9B4C15E24A7300FDAC4E /* UIKit.framework */ = {isa = PBXFileReference; lastKnownFileType = wrapper.framework; name = UIKit.framework; path = System/Library/Frameworks/UIKit.framework; sourceTree = SDKROOT; };
		7C5A9B4E15E24A7300FDAC4E /* Foundation.framework */ = {isa = PBXFileReference; lastKnownFileType = wrapper.framework; name = Foundation.framework; path = System/Library/Frameworks/Foundation.framework; sourceTree = SDKROOT; };
		7C5A9B5015E24A7300FDAC4E /* CoreGraphics.framework */ = {isa = PBXFileReference; lastKnownFileType = wrapper.framework; name = CoreGraphics.framework; path = System/Library/Frameworks/CoreGraphics.framework; sourceTree = SDKROOT; };
		7C5A9B5415E24A7300FDAC4E /* ChemistryVideoStreameriPad-Info.plist */ = {isa = PBXFileReference; lastKnownFileType = text.plist.xml; path = "ChemistryVideoStreameriPad-Info.plist"; sourceTree = "<group>"; };
		7C5A9B5615E24A7300FDAC4E /* en */ = {isa = PBXFileReference; lastKnownFileType = text.plist.strings; name = en; path = en.lproj/InfoPlist.strings; sourceTree = "<group>"; };
		7C5A9B5815E24A7300FDAC4E /* main.m */ = {isa = PBXFileReference; lastKnownFileType = sourcecode.c.objc; path = main.m; sourceTree = "<group>"; };
		7C5A9B5A15E24A7300FDAC4E /* ChemistryVideoStreameriPad-Prefix.pch */ = {isa = PBXFileReference; lastKnownFileType = sourcecode.c.h; path = "ChemistryVideoStreameriPad-Prefix.pch"; sourceTree = "<group>"; };
		7C5A9B7915E24E7000FDAC4E /* Facebook.h */ = {isa = PBXFileReference; fileEncoding = 4; lastKnownFileType = sourcecode.c.h; path = Facebook.h; sourceTree = "<group>"; };
		7C5A9B7A15E24E7000FDAC4E /* FBConnect.h */ = {isa = PBXFileReference; fileEncoding = 4; lastKnownFileType = sourcecode.c.h; path = FBConnect.h; sourceTree = "<group>"; };
		7C5A9B7B15E24E7000FDAC4E /* FBDialog.bundle */ = {isa = PBXFileReference; lastKnownFileType = "wrapper.plug-in"; path = FBDialog.bundle; sourceTree = "<group>"; };
		7C5A9B7C15E24E7000FDAC4E /* FBDialog.h */ = {isa = PBXFileReference; fileEncoding = 4; lastKnownFileType = sourcecode.c.h; path = FBDialog.h; sourceTree = "<group>"; };
		7C5A9B7D15E24E7000FDAC4E /* FBFrictionlessRequestSettings.h */ = {isa = PBXFileReference; fileEncoding = 4; lastKnownFileType = sourcecode.c.h; path = FBFrictionlessRequestSettings.h; sourceTree = "<group>"; };
		7C5A9B7E15E24E7000FDAC4E /* FBLoginDialog.h */ = {isa = PBXFileReference; fileEncoding = 4; lastKnownFileType = sourcecode.c.h; path = FBLoginDialog.h; sourceTree = "<group>"; };
		7C5A9B7F15E24E7000FDAC4E /* FBRequest.h */ = {isa = PBXFileReference; fileEncoding = 4; lastKnownFileType = sourcecode.c.h; path = FBRequest.h; sourceTree = "<group>"; };
		7C5A9B8015E24E7000FDAC4E /* JSON.h */ = {isa = PBXFileReference; fileEncoding = 4; lastKnownFileType = sourcecode.c.h; path = JSON.h; sourceTree = "<group>"; };
		7C5A9B8115E24E7000FDAC4E /* libfacebook_ios_sdk.a */ = {isa = PBXFileReference; lastKnownFileType = archive.ar; path = libfacebook_ios_sdk.a; sourceTree = "<group>"; };
		7C5A9B8215E24E7000FDAC4E /* NSObject+SBJSON.h */ = {isa = PBXFileReference; fileEncoding = 4; lastKnownFileType = sourcecode.c.h; path = "NSObject+SBJSON.h"; sourceTree = "<group>"; };
		7C5A9B8315E24E7000FDAC4E /* NSString+SBJSON.h */ = {isa = PBXFileReference; fileEncoding = 4; lastKnownFileType = sourcecode.c.h; path = "NSString+SBJSON.h"; sourceTree = "<group>"; };
		7C5A9B8415E24E7000FDAC4E /* SBJSON.h */ = {isa = PBXFileReference; fileEncoding = 4; lastKnownFileType = sourcecode.c.h; path = SBJSON.h; sourceTree = "<group>"; };
		7C5A9B8515E24E7000FDAC4E /* SBJsonBase.h */ = {isa = PBXFileReference; fileEncoding = 4; lastKnownFileType = sourcecode.c.h; path = SBJsonBase.h; sourceTree = "<group>"; };
		7C5A9B8615E24E7000FDAC4E /* SBJsonParser.h */ = {isa = PBXFileReference; fileEncoding = 4; lastKnownFileType = sourcecode.c.h; path = SBJsonParser.h; sourceTree = "<group>"; };
		7C5A9B8715E24E7000FDAC4E /* SBJsonWriter.h */ = {isa = PBXFileReference; fileEncoding = 4; lastKnownFileType = sourcecode.c.h; path = SBJsonWriter.h; sourceTree = "<group>"; };
		7C5A9B8B15E251D200FDAC4E /* GANTracker.h */ = {isa = PBXFileReference; lastKnownFileType = sourcecode.c.h; path = GANTracker.h; sourceTree = "<group>"; };
		7C5A9B8C15E251E200FDAC4E /* libGoogleAnalytics.a */ = {isa = PBXFileReference; lastKnownFileType = archive.ar; path = libGoogleAnalytics.a; sourceTree = "<group>"; };
		7C5A9B9015E253C700FDAC4E /* ConfigObject.h */ = {isa = PBXFileReference; lastKnownFileType = sourcecode.c.h; path = ConfigObject.h; sourceTree = "<group>"; };
		7C5A9B9115E253C700FDAC4E /* ConfigObject.m */ = {isa = PBXFileReference; lastKnownFileType = sourcecode.c.objc; path = ConfigObject.m; sourceTree = "<group>"; };
		7C5A9B9315E253FD00FDAC4E /* LearnersCloudSamplesVideos.h */ = {isa = PBXFileReference; lastKnownFileType = sourcecode.c.h; path = LearnersCloudSamplesVideos.h; sourceTree = "<group>"; };
		7C5A9B9415E253FD00FDAC4E /* LearnersCloudSamplesVideos.m */ = {isa = PBXFileReference; lastKnownFileType = sourcecode.c.objc; path = LearnersCloudSamplesVideos.m; sourceTree = "<group>"; };
		7C5A9B9515E253FD00FDAC4E /* AdminDashBoard.h */ = {isa = PBXFileReference; lastKnownFileType = sourcecode.c.h; path = AdminDashBoard.h; sourceTree = "<group>"; };
		7C5A9B9615E253FD00FDAC4E /* AdminDashBoard.m */ = {isa = PBXFileReference; lastKnownFileType = sourcecode.c.objc; path = AdminDashBoard.m; sourceTree = "<group>"; };
		7C5A9B9715E253FD00FDAC4E /* Report.h */ = {isa = PBXFileReference; lastKnownFileType = sourcecode.c.h; path = Report.h; sourceTree = "<group>"; };
		7C5A9B9815E253FD00FDAC4E /* Report.m */ = {isa = PBXFileReference; lastKnownFileType = sourcecode.c.objc; path = Report.m; sourceTree = "<group>"; };
		7C5A9B9915E253FD00FDAC4E /* Help.h */ = {isa = PBXFileReference; lastKnownFileType = sourcecode.c.h; path = Help.h; sourceTree = "<group>"; };
		7C5A9B9A15E253FD00FDAC4E /* Help.m */ = {isa = PBXFileReference; lastKnownFileType = sourcecode.c.objc; path = Help.m; sourceTree = "<group>"; };
		7C5A9B9B15E253FD00FDAC4E /* TermsAndConditions.h */ = {isa = PBXFileReference; lastKnownFileType = sourcecode.c.h; path = TermsAndConditions.h; sourceTree = "<group>"; };
		7C5A9B9C15E253FD00FDAC4E /* TermsAndConditions.m */ = {isa = PBXFileReference; lastKnownFileType = sourcecode.c.objc; path = TermsAndConditions.m; sourceTree = "<group>"; };
		7C5A9B9D15E253FD00FDAC4E /* HowtoUse.h */ = {isa = PBXFileReference; lastKnownFileType = sourcecode.c.h; path = HowtoUse.h; sourceTree = "<group>"; };
		7C5A9B9E15E253FD00FDAC4E /* HowtoUse.m */ = {isa = PBXFileReference; lastKnownFileType = sourcecode.c.objc; path = HowtoUse.m; sourceTree = "<group>"; };
		7C5A9B9F15E253FD00FDAC4E /* PopUpTableviewViewController.h */ = {isa = PBXFileReference; lastKnownFileType = sourcecode.c.h; path = PopUpTableviewViewController.h; sourceTree = "<group>"; };
		7C5A9BA015E253FD00FDAC4E /* PopUpTableviewViewController.m */ = {isa = PBXFileReference; lastKnownFileType = sourcecode.c.objc; path = PopUpTableviewViewController.m; sourceTree = "<group>"; };
		7C5A9BA215E2542300FDAC4E /* Start.h */ = {isa = PBXFileReference; lastKnownFileType = sourcecode.c.h; path = Start.h; sourceTree = "<group>"; };
		7C5A9BA315E2542300FDAC4E /* Start.m */ = {isa = PBXFileReference; lastKnownFileType = sourcecode.c.objc; path = Start.m; sourceTree = "<group>"; };
		7C5A9BA415E2542300FDAC4E /* FreeVideosClass.h */ = {isa = PBXFileReference; lastKnownFileType = sourcecode.c.h; path = FreeVideosClass.h; sourceTree = "<group>"; };
		7C5A9BA515E2542300FDAC4E /* FreeVideosClass.m */ = {isa = PBXFileReference; lastKnownFileType = sourcecode.c.objc; path = FreeVideosClass.m; sourceTree = "<group>"; };
		7C5A9BA615E2542300FDAC4E /* VideoPlayer.h */ = {isa = PBXFileReference; lastKnownFileType = sourcecode.c.h; path = VideoPlayer.h; sourceTree = "<group>"; };
		7C5A9BA715E2542300FDAC4E /* VideoPlayer.m */ = {isa = PBXFileReference; lastKnownFileType = sourcecode.c.objc; path = VideoPlayer.m; sourceTree = "<group>"; };
		7C5A9BA815E2542300FDAC4E /* Buy.h */ = {isa = PBXFileReference; lastKnownFileType = sourcecode.c.h; path = Buy.h; sourceTree = "<group>"; };
		7C5A9BA915E2542300FDAC4E /* Buy.m */ = {isa = PBXFileReference; lastKnownFileType = sourcecode.c.objc; path = Buy.m; sourceTree = "<group>"; };
		7C5A9BAA15E2542300FDAC4E /* CustomStoreObserver.h */ = {isa = PBXFileReference; lastKnownFileType = sourcecode.c.h; path = CustomStoreObserver.h; sourceTree = "<group>"; };
		7C5A9BAB15E2542300FDAC4E /* CustomStoreObserver.m */ = {isa = PBXFileReference; lastKnownFileType = sourcecode.c.objc; path = CustomStoreObserver.m; sourceTree = "<group>"; };
		7C5A9BB015E2544900FDAC4E /* 60-signpost.png */ = {isa = PBXFileReference; lastKnownFileType = image.png; path = "60-signpost.png"; sourceTree = "<group>"; };
		7C5A9BBF15E2549D00FDAC4E /* AppDelegate.h */ = {isa = PBXFileReference; lastKnownFileType = sourcecode.c.h; path = AppDelegate.h; sourceTree = "<group>"; };
		7C5A9BC015E2549D00FDAC4E /* AppDelegate.m */ = {isa = PBXFileReference; lastKnownFileType = sourcecode.c.objc; path = AppDelegate.m; sourceTree = "<group>"; };
		7C5A9BC115E2549D00FDAC4E /* MainWindow.xib */ = {isa = PBXFileReference; lastKnownFileType = file.xib; path = MainWindow.xib; sourceTree = "<group>"; };
		7C5A9BC215E2549D00FDAC4E /* TabBar.h */ = {isa = PBXFileReference; lastKnownFileType = sourcecode.c.h; path = TabBar.h; sourceTree = "<group>"; };
		7C5A9BC315E2549D00FDAC4E /* TabBar.m */ = {isa = PBXFileReference; lastKnownFileType = sourcecode.c.objc; path = TabBar.m; sourceTree = "<group>"; };
		7C5A9BC415E2549D00FDAC4E /* ActivityIndicator.h */ = {isa = PBXFileReference; lastKnownFileType = sourcecode.c.h; path = ActivityIndicator.h; sourceTree = "<group>"; };
		7C5A9BC515E2549D00FDAC4E /* ActivityIndicator.m */ = {isa = PBXFileReference; lastKnownFileType = sourcecode.c.objc; path = ActivityIndicator.m; sourceTree = "<group>"; };
		7C5A9BCE15E2552100FDAC4E /* BlackBackGround.png */ = {isa = PBXFileReference; lastKnownFileType = image.png; path = BlackBackGround.png; sourceTree = "<group>"; };
		7C5A9BF415E2585900FDAC4E /* Twitter.framework */ = {isa = PBXFileReference; lastKnownFileType = wrapper.framework; name = Twitter.framework; path = System/Library/Frameworks/Twitter.framework; sourceTree = SDKROOT; };
		7C5A9BF615E2586500FDAC4E /* SystemConfiguration.framework */ = {isa = PBXFileReference; lastKnownFileType = wrapper.framework; name = SystemConfiguration.framework; path = System/Library/Frameworks/SystemConfiguration.framework; sourceTree = SDKROOT; };
		7C5A9BF815E2587200FDAC4E /* MediaPlayer.framework */ = {isa = PBXFileReference; lastKnownFileType = wrapper.framework; name = MediaPlayer.framework; path = System/Library/Frameworks/MediaPlayer.framework; sourceTree = SDKROOT; };
		7C5A9BFA15E2587C00FDAC4E /* StoreKit.framework */ = {isa = PBXFileReference; lastKnownFileType = wrapper.framework; name = StoreKit.framework; path = System/Library/Frameworks/StoreKit.framework; sourceTree = SDKROOT; };
		7C5A9BFC15E2588700FDAC4E /* MessageUI.framework */ = {isa = PBXFileReference; lastKnownFileType = wrapper.framework; name = MessageUI.framework; path = System/Library/Frameworks/MessageUI.framework; sourceTree = SDKROOT; };
		7C5A9BFE15E2588F00FDAC4E /* CFNetwork.framework */ = {isa = PBXFileReference; lastKnownFileType = wrapper.framework; name = CFNetwork.framework; path = System/Library/Frameworks/CFNetwork.framework; sourceTree = SDKROOT; };
		7C5A9C0015E258AC00FDAC4E /* libsqlite3.dylib */ = {isa = PBXFileReference; lastKnownFileType = "compiled.mach-o.dylib"; name = libsqlite3.dylib; path = usr/lib/libsqlite3.dylib; sourceTree = SDKROOT; };
		7C5A9C0215E258C200FDAC4E /* Reachability.h */ = {isa = PBXFileReference; lastKnownFileType = sourcecode.c.h; path = Reachability.h; sourceTree = "<group>"; };
		7C5A9C0315E258C200FDAC4E /* Reachability.m */ = {isa = PBXFileReference; lastKnownFileType = sourcecode.c.objc; path = Reachability.m; sourceTree = "<group>"; };
		7C7F9C6015E3D2C9000C4F4C /* 1.png */ = {isa = PBXFileReference; lastKnownFileType = image.png; path = 1.png; sourceTree = "<group>"; };
		7C7F9C6115E3D2C9000C4F4C /* 2.png */ = {isa = PBXFileReference; lastKnownFileType = image.png; path = 2.png; sourceTree = "<group>"; };
		7C7F9C6215E3D2C9000C4F4C /* 3.png */ = {isa = PBXFileReference; lastKnownFileType = image.png; path = 3.png; sourceTree = "<group>"; };
		7C7F9C6315E3D2C9000C4F4C /* 4.png */ = {isa = PBXFileReference; lastKnownFileType = image.png; path = 4.png; sourceTree = "<group>"; };
		7C7F9C6415E3D2C9000C4F4C /* 5.png */ = {isa = PBXFileReference; lastKnownFileType = image.png; path = 5.png; sourceTree = "<group>"; };
		7C7F9C6515E3D2C9000C4F4C /* 6.png */ = {isa = PBXFileReference; lastKnownFileType = image.png; path = 6.png; sourceTree = "<group>"; };
		7C7F9C6615E3D2C9000C4F4C /* 7.png */ = {isa = PBXFileReference; lastKnownFileType = image.png; path = 7.png; sourceTree = "<group>"; };
		7C7F9C6715E3D2C9000C4F4C /* 8.png */ = {isa = PBXFileReference; lastKnownFileType = image.png; path = 8.png; sourceTree = "<group>"; };
		7C7F9C6815E3D2C9000C4F4C /* 9.png */ = {isa = PBXFileReference; lastKnownFileType = image.png; path = 9.png; sourceTree = "<group>"; };
		7C7F9C6915E3D2C9000C4F4C /* 10.png */ = {isa = PBXFileReference; lastKnownFileType = image.png; path = 10.png; sourceTree = "<group>"; };
		7C7F9C6A15E3D2C9000C4F4C /* 11.png */ = {isa = PBXFileReference; lastKnownFileType = image.png; path = 11.png; sourceTree = "<group>"; };
		7C7F9C6B15E3D2C9000C4F4C /* 12.png */ = {isa = PBXFileReference; lastKnownFileType = image.png; path = 12.png; sourceTree = "<group>"; };
		7C7F9C6C15E3D2C9000C4F4C /* 13.png */ = {isa = PBXFileReference; lastKnownFileType = image.png; path = 13.png; sourceTree = "<group>"; };
		7C7F9C6D15E3D2C9000C4F4C /* 14.png */ = {isa = PBXFileReference; lastKnownFileType = image.png; path = 14.png; sourceTree = "<group>"; };
		7C7F9C6E15E3D2C9000C4F4C /* 15.png */ = {isa = PBXFileReference; lastKnownFileType = image.png; path = 15.png; sourceTree = "<group>"; };
		7C7F9C6F15E3D2C9000C4F4C /* 16.png */ = {isa = PBXFileReference; lastKnownFileType = image.png; path = 16.png; sourceTree = "<group>"; };
		7C7F9C7015E3D2C9000C4F4C /* 17.png */ = {isa = PBXFileReference; lastKnownFileType = image.png; path = 17.png; sourceTree = "<group>"; };
		7C7F9C7115E3D2C9000C4F4C /* 18.png */ = {isa = PBXFileReference; lastKnownFileType = image.png; path = 18.png; sourceTree = "<group>"; };
		7C7F9C7215E3D2C9000C4F4C /* 19.png */ = {isa = PBXFileReference; lastKnownFileType = image.png; path = 19.png; sourceTree = "<group>"; };
		7C7F9C7315E3D2C9000C4F4C /* 20.png */ = {isa = PBXFileReference; lastKnownFileType = image.png; path = 20.png; sourceTree = "<group>"; };
		7C7F9C7415E3D2C9000C4F4C /* 21.png */ = {isa = PBXFileReference; lastKnownFileType = image.png; path = 21.png; sourceTree = "<group>"; };
		7C7F9C7515E3D2C9000C4F4C /* 22.png */ = {isa = PBXFileReference; lastKnownFileType = image.png; path = 22.png; sourceTree = "<group>"; };
		7C7F9C7615E3D2C9000C4F4C /* 23.png */ = {isa = PBXFileReference; lastKnownFileType = image.png; path = 23.png; sourceTree = "<group>"; };
		7C7F9C7715E3D2C9000C4F4C /* 24.png */ = {isa = PBXFileReference; lastKnownFileType = image.png; path = 24.png; sourceTree = "<group>"; };
		7C7F9C7815E3D2C9000C4F4C /* 25.png */ = {isa = PBXFileReference; lastKnownFileType = image.png; path = 25.png; sourceTree = "<group>"; };
		7C7F9C7915E3D2C9000C4F4C /* 26.png */ = {isa = PBXFileReference; lastKnownFileType = image.png; path = 26.png; sourceTree = "<group>"; };
		7C7F9C7A15E3D2C9000C4F4C /* 27.png */ = {isa = PBXFileReference; lastKnownFileType = image.png; path = 27.png; sourceTree = "<group>"; };
		7C7F9C7B15E3D2C9000C4F4C /* 28.png */ = {isa = PBXFileReference; lastKnownFileType = image.png; path = 28.png; sourceTree = "<group>"; };
		7C7F9C7C15E3D2C9000C4F4C /* 29.png */ = {isa = PBXFileReference; lastKnownFileType = image.png; path = 29.png; sourceTree = "<group>"; };
		7C7F9C7D15E3D2C9000C4F4C /* 30.png */ = {isa = PBXFileReference; lastKnownFileType = image.png; path = 30.png; sourceTree = "<group>"; };
		7C7F9C7E15E3D2C9000C4F4C /* 31.png */ = {isa = PBXFileReference; lastKnownFileType = image.png; path = 31.png; sourceTree = "<group>"; };
		7C7F9C7F15E3D2C9000C4F4C /* 32.png */ = {isa = PBXFileReference; lastKnownFileType = image.png; path = 32.png; sourceTree = "<group>"; };
		7C7F9C8015E3D2C9000C4F4C /* 33.png */ = {isa = PBXFileReference; lastKnownFileType = image.png; path = 33.png; sourceTree = "<group>"; };
		7C7F9C8115E3D2C9000C4F4C /* 34.png */ = {isa = PBXFileReference; lastKnownFileType = image.png; path = 34.png; sourceTree = "<group>"; };
		7C7F9C8215E3D2C9000C4F4C /* 35.png */ = {isa = PBXFileReference; lastKnownFileType = image.png; path = 35.png; sourceTree = "<group>"; };
		7C7F9C8315E3D2C9000C4F4C /* 36.png */ = {isa = PBXFileReference; lastKnownFileType = image.png; path = 36.png; sourceTree = "<group>"; };
		7C7F9C8415E3D2C9000C4F4C /* 37.png */ = {isa = PBXFileReference; lastKnownFileType = image.png; path = 37.png; sourceTree = "<group>"; };
		7C7F9C8515E3D2C9000C4F4C /* 38.png */ = {isa = PBXFileReference; lastKnownFileType = image.png; path = 38.png; sourceTree = "<group>"; };
		7C7F9C8615E3D2C9000C4F4C /* 39.png */ = {isa = PBXFileReference; lastKnownFileType = image.png; path = 39.png; sourceTree = "<group>"; };
		7C7F9C8715E3D2C9000C4F4C /* 40.png */ = {isa = PBXFileReference; lastKnownFileType = image.png; path = 40.png; sourceTree = "<group>"; };
		7C7F9C8815E3D2C9000C4F4C /* 41.png */ = {isa = PBXFileReference; lastKnownFileType = image.png; path = 41.png; sourceTree = "<group>"; };
		7C7F9C8915E3D2C9000C4F4C /* 42.png */ = {isa = PBXFileReference; lastKnownFileType = image.png; path = 42.png; sourceTree = "<group>"; };
		7C7F9C8A15E3D2C9000C4F4C /* 43.png */ = {isa = PBXFileReference; lastKnownFileType = image.png; path = 43.png; sourceTree = "<group>"; };
		7C7F9C8B15E3D2C9000C4F4C /* 44.png */ = {isa = PBXFileReference; lastKnownFileType = image.png; path = 44.png; sourceTree = "<group>"; };
		7C7F9C8C15E3D2C9000C4F4C /* 45.png */ = {isa = PBXFileReference; lastKnownFileType = image.png; path = 45.png; sourceTree = "<group>"; };
		7C7F9C8D15E3D2C9000C4F4C /* 46.png */ = {isa = PBXFileReference; lastKnownFileType = image.png; path = 46.png; sourceTree = "<group>"; };
		7C7F9C8E15E3D2C9000C4F4C /* 47.png */ = {isa = PBXFileReference; lastKnownFileType = image.png; path = 47.png; sourceTree = "<group>"; };
		7C7F9C8F15E3D2C9000C4F4C /* 48.png */ = {isa = PBXFileReference; lastKnownFileType = image.png; path = 48.png; sourceTree = "<group>"; };
		7C7F9C9015E3D2C9000C4F4C /* 49.png */ = {isa = PBXFileReference; lastKnownFileType = image.png; path = 49.png; sourceTree = "<group>"; };
		7C7F9C9115E3D2C9000C4F4C /* 50.png */ = {isa = PBXFileReference; lastKnownFileType = image.png; path = 50.png; sourceTree = "<group>"; };
		7C7F9C9215E3D2C9000C4F4C /* 51.png */ = {isa = PBXFileReference; lastKnownFileType = image.png; path = 51.png; sourceTree = "<group>"; };
		7C7F9C9315E3D2C9000C4F4C /* 52.png */ = {isa = PBXFileReference; lastKnownFileType = image.png; path = 52.png; sourceTree = "<group>"; };
		7C7F9C9415E3D2C9000C4F4C /* 53.png */ = {isa = PBXFileReference; lastKnownFileType = image.png; path = 53.png; sourceTree = "<group>"; };
		7C7F9C9515E3D2C9000C4F4C /* 54.png */ = {isa = PBXFileReference; lastKnownFileType = image.png; path = 54.png; sourceTree = "<group>"; };
		7C7F9C9615E3D2C9000C4F4C /* 55.png */ = {isa = PBXFileReference; lastKnownFileType = image.png; path = 55.png; sourceTree = "<group>"; };
		7C7F9C9715E3D2C9000C4F4C /* 56.png */ = {isa = PBXFileReference; lastKnownFileType = image.png; path = 56.png; sourceTree = "<group>"; };
		7C7F9C9815E3D2C9000C4F4C /* 57.png */ = {isa = PBXFileReference; lastKnownFileType = image.png; path = 57.png; sourceTree = "<group>"; };
		7C7F9C9915E3D2C9000C4F4C /* 58.png */ = {isa = PBXFileReference; lastKnownFileType = image.png; path = 58.png; sourceTree = "<group>"; };
		7C7F9C9A15E3D2C9000C4F4C /* 59.png */ = {isa = PBXFileReference; lastKnownFileType = image.png; path = 59.png; sourceTree = "<group>"; };
		7C7F9C9B15E3D2C9000C4F4C /* 60.png */ = {isa = PBXFileReference; lastKnownFileType = image.png; path = 60.png; sourceTree = "<group>"; };
		7C7F9C9C15E3D2C9000C4F4C /* 61.png */ = {isa = PBXFileReference; lastKnownFileType = image.png; path = 61.png; sourceTree = "<group>"; };
		7C7F9C9D15E3D2C9000C4F4C /* 62.png */ = {isa = PBXFileReference; lastKnownFileType = image.png; path = 62.png; sourceTree = "<group>"; };
		7C7F9C9E15E3D2C9000C4F4C /* 63.png */ = {isa = PBXFileReference; lastKnownFileType = image.png; path = 63.png; sourceTree = "<group>"; };
		7C7F9C9F15E3D2C9000C4F4C /* 64.png */ = {isa = PBXFileReference; lastKnownFileType = image.png; path = 64.png; sourceTree = "<group>"; };
		7C7F9CA015E3D2C9000C4F4C /* 65.png */ = {isa = PBXFileReference; lastKnownFileType = image.png; path = 65.png; sourceTree = "<group>"; };
		7C7F9CA115E3D2C9000C4F4C /* 66.png */ = {isa = PBXFileReference; lastKnownFileType = image.png; path = 66.png; sourceTree = "<group>"; };
		7C7F9CA215E3D2C9000C4F4C /* 67.png */ = {isa = PBXFileReference; lastKnownFileType = image.png; path = 67.png; sourceTree = "<group>"; };
		7C7F9CA315E3D2C9000C4F4C /* 68.png */ = {isa = PBXFileReference; lastKnownFileType = image.png; path = 68.png; sourceTree = "<group>"; };
		7C7F9CA415E3D2C9000C4F4C /* 69.png */ = {isa = PBXFileReference; lastKnownFileType = image.png; path = 69.png; sourceTree = "<group>"; };
		7C7F9CA515E3D2C9000C4F4C /* 70.png */ = {isa = PBXFileReference; lastKnownFileType = image.png; path = 70.png; sourceTree = "<group>"; };
		7CA52FFA162FF09E005FACC4 /* Icon-72@2x.png */ = {isa = PBXFileReference; lastKnownFileType = image.png; path = "Icon-72@2x.png"; sourceTree = "<group>"; };
		7CA52FFB162FF09E005FACC4 /* Icon-Small-50@2x.png */ = {isa = PBXFileReference; lastKnownFileType = image.png; path = "Icon-Small-50@2x.png"; sourceTree = "<group>"; };
		7CA52FFE162FF38F005FACC4 /* website_promo.png */ = {isa = PBXFileReference; lastKnownFileType = image.png; path = website_promo.png; sourceTree = "<group>"; };
		7CA52FFF162FF38F005FACC4 /* website_promo@2x.png */ = {isa = PBXFileReference; lastKnownFileType = image.png; path = "website_promo@2x.png"; sourceTree = "<group>"; };
		7CA53000162FF38F005FACC4 /* web_promo_btn.png */ = {isa = PBXFileReference; lastKnownFileType = image.png; path = web_promo_btn.png; sourceTree = "<group>"; };
		7CA53001162FF38F005FACC4 /* buy_now.png */ = {isa = PBXFileReference; lastKnownFileType = image.png; path = buy_now.png; sourceTree = "<group>"; };
		7CA53002162FF38F005FACC4 /* buy_now@2x.png */ = {isa = PBXFileReference; lastKnownFileType = image.png; path = "buy_now@2x.png"; sourceTree = "<group>"; };
		7CA53008162FF3A0005FACC4 /* free.png */ = {isa = PBXFileReference; lastKnownFileType = image.png; path = free.png; sourceTree = "<group>"; };
		7CA53009162FF3A0005FACC4 /* subscribe.png */ = {isa = PBXFileReference; lastKnownFileType = image.png; path = subscribe.png; sourceTree = "<group>"; };
		7CA5300A162FF3A0005FACC4 /* Default-Landscape.png */ = {isa = PBXFileReference; lastKnownFileType = image.png; path = "Default-Landscape.png"; sourceTree = "<group>"; };
		7CA5300B162FF3A0005FACC4 /* Default-Portrait.png */ = {isa = PBXFileReference; lastKnownFileType = image.png; path = "Default-Portrait.png"; sourceTree = "<group>"; };
		7CA5300C162FF3A0005FACC4 /* Default-Portrait@2x.png */ = {isa = PBXFileReference; lastKnownFileType = image.png; path = "Default-Portrait@2x.png"; sourceTree = "<group>"; };
		7CA5300D162FF3A0005FACC4 /* Default-Landscape@2x.png */ = {isa = PBXFileReference; lastKnownFileType = image.png; path = "Default-Landscape@2x.png"; sourceTree = "<group>"; };
		7CA53014162FF3B7005FACC4 /* Background.png */ = {isa = PBXFileReference; lastKnownFileType = image.png; path = Background.png; sourceTree = "<group>"; };
		7CA53015162FF3B7005FACC4 /* Background@2x.png */ = {isa = PBXFileReference; lastKnownFileType = image.png; path = "Background@2x.png"; sourceTree = "<group>"; };
		7CA53016162FF3B8005FACC4 /* header_bar.png */ = {isa = PBXFileReference; lastKnownFileType = image.png; path = header_bar.png; sourceTree = "<group>"; };
		7CA53017162FF3B8005FACC4 /* share_intro.png */ = {isa = PBXFileReference; lastKnownFileType = image.png; path = share_intro.png; sourceTree = "<group>"; };
		7CA53018162FF3B8005FACC4 /* share_intro@2x.png */ = {isa = PBXFileReference; lastKnownFileType = image.png; path = "share_intro@2x.png"; sourceTree = "<group>"; };
		7CA53019162FF3B8005FACC4 /* divider_notifications.png */ = {isa = PBXFileReference; lastKnownFileType = image.png; path = divider_notifications.png; sourceTree = "<group>"; };
		7CA5301A162FF3B8005FACC4 /* divider_share.png */ = {isa = PBXFileReference; lastKnownFileType = image.png; path = divider_share.png; sourceTree = "<group>"; };
		7CA5301B162FF3B8005FACC4 /* free_and_paid_videos.png */ = {isa = PBXFileReference; lastKnownFileType = image.png; path = free_and_paid_videos.png; sourceTree = "<group>"; };
		7CA53024162FF41F005FACC4 /* TV_chemistry_header.png */ = {isa = PBXFileReference; lastKnownFileType = image.png; path = TV_chemistry_header.png; sourceTree = "<group>"; };
		7CA53026162FF440005FACC4 /* hero_chemistry.png */ = {isa = PBXFileReference; lastKnownFileType = image.png; path = hero_chemistry.png; sourceTree = "<group>"; };
		7CA53027162FF440005FACC4 /* hero_chemistry@2x.png */ = {isa = PBXFileReference; lastKnownFileType = image.png; path = "hero_chemistry@2x.png"; sourceTree = "<group>"; };
		7CA5302A162FF4A6005FACC4 /* icon_email_to_friend.png */ = {isa = PBXFileReference; lastKnownFileType = image.png; path = icon_email_to_friend.png; sourceTree = "<group>"; };
		7CA5302B162FF4A6005FACC4 /* icon_like_on_facebook.png */ = {isa = PBXFileReference; lastKnownFileType = image.png; path = icon_like_on_facebook.png; sourceTree = "<group>"; };
		7CA5302C162FF4A6005FACC4 /* icon_share_on_twitter.png */ = {isa = PBXFileReference; lastKnownFileType = image.png; path = icon_share_on_twitter.png; sourceTree = "<group>"; };
		7CA5302D162FF4A6005FACC4 /* icon_follow_on_twitter.png */ = {isa = PBXFileReference; lastKnownFileType = image.png; path = icon_follow_on_twitter.png; sourceTree = "<group>"; };
		7CA5302E162FF4A6005FACC4 /* icon_share_on_facebook.png */ = {isa = PBXFileReference; lastKnownFileType = image.png; path = icon_share_on_facebook.png; sourceTree = "<group>"; };
		7CA53034162FF4E2005FACC4 /* btn_videos_deselected.png */ = {isa = PBXFileReference; lastKnownFileType = image.png; path = btn_videos_deselected.png; sourceTree = "<group>"; };
		7CA53036162FF5A6005FACC4 /* UnderlinedButton.h */ = {isa = PBXFileReference; lastKnownFileType = sourcecode.c.h; path = UnderlinedButton.h; sourceTree = "<group>"; };
		7CA53037162FF5A6005FACC4 /* UnderlinedButton.m */ = {isa = PBXFileReference; lastKnownFileType = sourcecode.c.objc; path = UnderlinedButton.m; sourceTree = "<group>"; };
		7CA53038162FF5A6005FACC4 /* TransparentToolBar.h */ = {isa = PBXFileReference; lastKnownFileType = sourcecode.c.h; path = TransparentToolBar.h; sourceTree = "<group>"; };
		7CA53039162FF5A6005FACC4 /* TransparentToolBar.m */ = {isa = PBXFileReference; lastKnownFileType = sourcecode.c.objc; path = TransparentToolBar.m; sourceTree = "<group>"; };
		7CA5303A162FFF84005FACC4 /* LearnersCloudTermsonapps.pdf */ = {isa = PBXFileReference; lastKnownFileType = image.pdf; path = LearnersCloudTermsonapps.pdf; sourceTree = "<group>"; };
		7CA5303B162FFF84005FACC4 /* HowtouseVideoStreamer.pdf */ = {isa = PBXFileReference; lastKnownFileType = image.pdf; path = HowtouseVideoStreamer.pdf; sourceTree = "<group>"; };
		7CCC134315E7A75E00894EFB /* Icon-72.png */ = {isa = PBXFileReference; lastKnownFileType = image.png; path = "Icon-72.png"; sourceTree = "<group>"; };
		7CCC134415E7A75E00894EFB /* Icon-Small-50.png */ = {isa = PBXFileReference; lastKnownFileType = image.png; path = "Icon-Small-50.png"; sourceTree = "<group>"; };
		7CCC134715E7A75E00894EFB /* iTunesArtwork.png */ = {isa = PBXFileReference; lastKnownFileType = image.png; path = iTunesArtwork.png; sourceTree = "<group>"; };
/* End PBXFileReference section */

/* Begin PBXFrameworksBuildPhase section */
		7C5A9B4515E24A7300FDAC4E /* Frameworks */ = {
			isa = PBXFrameworksBuildPhase;
			buildActionMask = 2147483647;
			files = (
				7C5A9C0115E258AC00FDAC4E /* libsqlite3.dylib in Frameworks */,
				7C5A9BFF15E2588F00FDAC4E /* CFNetwork.framework in Frameworks */,
				7C5A9BFD15E2588700FDAC4E /* MessageUI.framework in Frameworks */,
				7C5A9BFB15E2587C00FDAC4E /* StoreKit.framework in Frameworks */,
				7C5A9BF915E2587200FDAC4E /* MediaPlayer.framework in Frameworks */,
				7C5A9BF715E2586500FDAC4E /* SystemConfiguration.framework in Frameworks */,
				7C5A9BF515E2585900FDAC4E /* Twitter.framework in Frameworks */,
				7C5A9B4D15E24A7300FDAC4E /* UIKit.framework in Frameworks */,
				7C5A9B4F15E24A7300FDAC4E /* Foundation.framework in Frameworks */,
				7C5A9B5115E24A7300FDAC4E /* CoreGraphics.framework in Frameworks */,
				7C5A9B8915E24E7000FDAC4E /* libfacebook_ios_sdk.a in Frameworks */,
				7C5A9B8D15E251E200FDAC4E /* libGoogleAnalytics.a in Frameworks */,
			);
			runOnlyForDeploymentPostprocessing = 0;
		};
/* End PBXFrameworksBuildPhase section */

/* Begin PBXGroup section */
		7C5A9B3D15E24A7200FDAC4E = {
			isa = PBXGroup;
			children = (
				7C5A9B7815E24E7000FDAC4E /* facebook-ios-sdk */,
				7C5A9B8A15E24E8C00FDAC4E /* Analytics */,
				7C5A9B8E15E2536B00FDAC4E /* VideoImages */,
				7C5A9B8F15E253B300FDAC4E /* Data Models */,
				7C5A9B9215E253E900FDAC4E /* Classes */,
				7C5A9BA115E2540E00FDAC4E /* ClientSideClasses */,
				7C5A9BAC15E2543500FDAC4E /* Icons */,
				7C5A9B5215E24A7300FDAC4E /* Main Window */,
				7C5A9BC715E254E400FDAC4E /* Resources */,
				7C5A9BC615E254C500FDAC4E /* ChemistryVideoStreameriPad */,
				7C5A9B4B15E24A7300FDAC4E /* Frameworks */,
				7C5A9B4915E24A7300FDAC4E /* Products */,
			);
			sourceTree = "<group>";
		};
		7C5A9B4915E24A7300FDAC4E /* Products */ = {
			isa = PBXGroup;
			children = (
				7C5A9B4815E24A7300FDAC4E /* Chemistry.app */,
			);
			name = Products;
			sourceTree = "<group>";
		};
		7C5A9B4B15E24A7300FDAC4E /* Frameworks */ = {
			isa = PBXGroup;
			children = (
				7C5A9C0215E258C200FDAC4E /* Reachability.h */,
				7C5A9C0315E258C200FDAC4E /* Reachability.m */,
				7C5A9C0015E258AC00FDAC4E /* libsqlite3.dylib */,
				7C5A9BFE15E2588F00FDAC4E /* CFNetwork.framework */,
				7C5A9BFC15E2588700FDAC4E /* MessageUI.framework */,
				7C5A9BFA15E2587C00FDAC4E /* StoreKit.framework */,
				7C5A9BF815E2587200FDAC4E /* MediaPlayer.framework */,
				7C5A9BF615E2586500FDAC4E /* SystemConfiguration.framework */,
				7C5A9BF415E2585900FDAC4E /* Twitter.framework */,
				7C5A9B4C15E24A7300FDAC4E /* UIKit.framework */,
				7C5A9B4E15E24A7300FDAC4E /* Foundation.framework */,
				7C5A9B5015E24A7300FDAC4E /* CoreGraphics.framework */,
			);
			name = Frameworks;
			sourceTree = "<group>";
		};
		7C5A9B5215E24A7300FDAC4E /* Main Window */ = {
			isa = PBXGroup;
			children = (
				7C5A9BBF15E2549D00FDAC4E /* AppDelegate.h */,
				7C5A9BC015E2549D00FDAC4E /* AppDelegate.m */,
				7C5A9BC115E2549D00FDAC4E /* MainWindow.xib */,
				7C5A9BC215E2549D00FDAC4E /* TabBar.h */,
				7C5A9BC315E2549D00FDAC4E /* TabBar.m */,
				7C5A9BC415E2549D00FDAC4E /* ActivityIndicator.h */,
				7C5A9BC515E2549D00FDAC4E /* ActivityIndicator.m */,
				7CA53036162FF5A6005FACC4 /* UnderlinedButton.h */,
				7CA53037162FF5A6005FACC4 /* UnderlinedButton.m */,
				7CA53038162FF5A6005FACC4 /* TransparentToolBar.h */,
				7CA53039162FF5A6005FACC4 /* TransparentToolBar.m */,
			);
			name = "Main Window";
			path = ChemistryVideoStreameriPad;
			sourceTree = "<group>";
		};
		7C5A9B5315E24A7300FDAC4E /* Supporting Files */ = {
			isa = PBXGroup;
			children = (
				7C5A9B5415E24A7300FDAC4E /* ChemistryVideoStreameriPad-Info.plist */,
				7C5A9B5515E24A7300FDAC4E /* InfoPlist.strings */,
				7C5A9B5815E24A7300FDAC4E /* main.m */,
				7C5A9B5A15E24A7300FDAC4E /* ChemistryVideoStreameriPad-Prefix.pch */,
			);
			name = "Supporting Files";
			path = ChemistryVideoStreameriPad;
			sourceTree = "<group>";
		};
		7C5A9B7815E24E7000FDAC4E /* facebook-ios-sdk */ = {
			isa = PBXGroup;
			children = (
				7C5A9B7915E24E7000FDAC4E /* Facebook.h */,
				7C5A9B7A15E24E7000FDAC4E /* FBConnect.h */,
				7C5A9B7B15E24E7000FDAC4E /* FBDialog.bundle */,
				7C5A9B7C15E24E7000FDAC4E /* FBDialog.h */,
				7C5A9B7D15E24E7000FDAC4E /* FBFrictionlessRequestSettings.h */,
				7C5A9B7E15E24E7000FDAC4E /* FBLoginDialog.h */,
				7C5A9B7F15E24E7000FDAC4E /* FBRequest.h */,
				7C5A9B8015E24E7000FDAC4E /* JSON.h */,
				7C5A9B8115E24E7000FDAC4E /* libfacebook_ios_sdk.a */,
				7C5A9B8215E24E7000FDAC4E /* NSObject+SBJSON.h */,
				7C5A9B8315E24E7000FDAC4E /* NSString+SBJSON.h */,
				7C5A9B8415E24E7000FDAC4E /* SBJSON.h */,
				7C5A9B8515E24E7000FDAC4E /* SBJsonBase.h */,
				7C5A9B8615E24E7000FDAC4E /* SBJsonParser.h */,
				7C5A9B8715E24E7000FDAC4E /* SBJsonWriter.h */,
			);
			path = "facebook-ios-sdk";
			sourceTree = "<group>";
		};
		7C5A9B8A15E24E8C00FDAC4E /* Analytics */ = {
			isa = PBXGroup;
			children = (
				7C5A9B8B15E251D200FDAC4E /* GANTracker.h */,
				7C5A9B8C15E251E200FDAC4E /* libGoogleAnalytics.a */,
			);
			name = Analytics;
			sourceTree = "<group>";
		};
		7C5A9B8E15E2536B00FDAC4E /* VideoImages */ = {
			isa = PBXGroup;
			children = (
				7C7F9C6015E3D2C9000C4F4C /* 1.png */,
				7C7F9C6115E3D2C9000C4F4C /* 2.png */,
				7C7F9C6215E3D2C9000C4F4C /* 3.png */,
				7C7F9C6315E3D2C9000C4F4C /* 4.png */,
				7C7F9C6415E3D2C9000C4F4C /* 5.png */,
				7C7F9C6515E3D2C9000C4F4C /* 6.png */,
				7C7F9C6615E3D2C9000C4F4C /* 7.png */,
				7C7F9C6715E3D2C9000C4F4C /* 8.png */,
				7C7F9C6815E3D2C9000C4F4C /* 9.png */,
				7C7F9C6915E3D2C9000C4F4C /* 10.png */,
				7C7F9C6A15E3D2C9000C4F4C /* 11.png */,
				7C7F9C6B15E3D2C9000C4F4C /* 12.png */,
				7C7F9C6C15E3D2C9000C4F4C /* 13.png */,
				7C7F9C6D15E3D2C9000C4F4C /* 14.png */,
				7C7F9C6E15E3D2C9000C4F4C /* 15.png */,
				7C7F9C6F15E3D2C9000C4F4C /* 16.png */,
				7C7F9C7015E3D2C9000C4F4C /* 17.png */,
				7C7F9C7115E3D2C9000C4F4C /* 18.png */,
				7C7F9C7215E3D2C9000C4F4C /* 19.png */,
				7C7F9C7315E3D2C9000C4F4C /* 20.png */,
				7C7F9C7415E3D2C9000C4F4C /* 21.png */,
				7C7F9C7515E3D2C9000C4F4C /* 22.png */,
				7C7F9C7615E3D2C9000C4F4C /* 23.png */,
				7C7F9C7715E3D2C9000C4F4C /* 24.png */,
				7C7F9C7815E3D2C9000C4F4C /* 25.png */,
				7C7F9C7915E3D2C9000C4F4C /* 26.png */,
				7C7F9C7A15E3D2C9000C4F4C /* 27.png */,
				7C7F9C7B15E3D2C9000C4F4C /* 28.png */,
				7C7F9C7C15E3D2C9000C4F4C /* 29.png */,
				7C7F9C7D15E3D2C9000C4F4C /* 30.png */,
				7C7F9C7E15E3D2C9000C4F4C /* 31.png */,
				7C7F9C7F15E3D2C9000C4F4C /* 32.png */,
				7C7F9C8015E3D2C9000C4F4C /* 33.png */,
				7C7F9C8115E3D2C9000C4F4C /* 34.png */,
				7C7F9C8215E3D2C9000C4F4C /* 35.png */,
				7C7F9C8315E3D2C9000C4F4C /* 36.png */,
				7C7F9C8415E3D2C9000C4F4C /* 37.png */,
				7C7F9C8515E3D2C9000C4F4C /* 38.png */,
				7C7F9C8615E3D2C9000C4F4C /* 39.png */,
				7C7F9C8715E3D2C9000C4F4C /* 40.png */,
				7C7F9C8815E3D2C9000C4F4C /* 41.png */,
				7C7F9C8915E3D2C9000C4F4C /* 42.png */,
				7C7F9C8A15E3D2C9000C4F4C /* 43.png */,
				7C7F9C8B15E3D2C9000C4F4C /* 44.png */,
				7C7F9C8C15E3D2C9000C4F4C /* 45.png */,
				7C7F9C8D15E3D2C9000C4F4C /* 46.png */,
				7C7F9C8E15E3D2C9000C4F4C /* 47.png */,
				7C7F9C8F15E3D2C9000C4F4C /* 48.png */,
				7C7F9C9015E3D2C9000C4F4C /* 49.png */,
				7C7F9C9115E3D2C9000C4F4C /* 50.png */,
				7C7F9C9215E3D2C9000C4F4C /* 51.png */,
				7C7F9C9315E3D2C9000C4F4C /* 52.png */,
				7C7F9C9415E3D2C9000C4F4C /* 53.png */,
				7C7F9C9515E3D2C9000C4F4C /* 54.png */,
				7C7F9C9615E3D2C9000C4F4C /* 55.png */,
				7C7F9C9715E3D2C9000C4F4C /* 56.png */,
				7C7F9C9815E3D2C9000C4F4C /* 57.png */,
				7C7F9C9915E3D2C9000C4F4C /* 58.png */,
				7C7F9C9A15E3D2C9000C4F4C /* 59.png */,
				7C7F9C9B15E3D2C9000C4F4C /* 60.png */,
				7C7F9C9C15E3D2C9000C4F4C /* 61.png */,
				7C7F9C9D15E3D2C9000C4F4C /* 62.png */,
				7C7F9C9E15E3D2C9000C4F4C /* 63.png */,
				7C7F9C9F15E3D2C9000C4F4C /* 64.png */,
				7C7F9CA015E3D2C9000C4F4C /* 65.png */,
				7C7F9CA115E3D2C9000C4F4C /* 66.png */,
				7C7F9CA215E3D2C9000C4F4C /* 67.png */,
				7C7F9CA315E3D2C9000C4F4C /* 68.png */,
				7C7F9CA415E3D2C9000C4F4C /* 69.png */,
				7C7F9CA515E3D2C9000C4F4C /* 70.png */,
				7CA5303A162FFF84005FACC4 /* LearnersCloudTermsonapps.pdf */,
				7CA5303B162FFF84005FACC4 /* HowtouseVideoStreamer.pdf */,
			);
			name = VideoImages;
			sourceTree = "<group>";
		};
		7C5A9B8F15E253B300FDAC4E /* Data Models */ = {
			isa = PBXGroup;
			children = (
				7C5A9B9015E253C700FDAC4E /* ConfigObject.h */,
				7C5A9B9115E253C700FDAC4E /* ConfigObject.m */,
			);
			name = "Data Models";
			sourceTree = "<group>";
		};
		7C5A9B9215E253E900FDAC4E /* Classes */ = {
			isa = PBXGroup;
			children = (
				7C5A9B9315E253FD00FDAC4E /* LearnersCloudSamplesVideos.h */,
				7C5A9B9415E253FD00FDAC4E /* LearnersCloudSamplesVideos.m */,
				7C5A9B9515E253FD00FDAC4E /* AdminDashBoard.h */,
				7C5A9B9615E253FD00FDAC4E /* AdminDashBoard.m */,
				7C5A9B9715E253FD00FDAC4E /* Report.h */,
				7C5A9B9815E253FD00FDAC4E /* Report.m */,
				7C5A9B9915E253FD00FDAC4E /* Help.h */,
				7C5A9B9A15E253FD00FDAC4E /* Help.m */,
				7C5A9B9B15E253FD00FDAC4E /* TermsAndConditions.h */,
				7C5A9B9C15E253FD00FDAC4E /* TermsAndConditions.m */,
				7C5A9B9D15E253FD00FDAC4E /* HowtoUse.h */,
				7C5A9B9E15E253FD00FDAC4E /* HowtoUse.m */,
				7C5A9B9F15E253FD00FDAC4E /* PopUpTableviewViewController.h */,
				7C5A9BA015E253FD00FDAC4E /* PopUpTableviewViewController.m */,
			);
			name = Classes;
			sourceTree = "<group>";
		};
		7C5A9BA115E2540E00FDAC4E /* ClientSideClasses */ = {
			isa = PBXGroup;
			children = (
				7C5A9BA215E2542300FDAC4E /* Start.h */,
				7C5A9BA315E2542300FDAC4E /* Start.m */,
				7C5A9BA415E2542300FDAC4E /* FreeVideosClass.h */,
				7C5A9BA515E2542300FDAC4E /* FreeVideosClass.m */,
				7C5A9BA615E2542300FDAC4E /* VideoPlayer.h */,
				7C5A9BA715E2542300FDAC4E /* VideoPlayer.m */,
				7C5A9BA815E2542300FDAC4E /* Buy.h */,
				7C5A9BA915E2542300FDAC4E /* Buy.m */,
				7C5A9BAA15E2542300FDAC4E /* CustomStoreObserver.h */,
				7C5A9BAB15E2542300FDAC4E /* CustomStoreObserver.m */,
			);
			name = ClientSideClasses;
			sourceTree = "<group>";
		};
		7C5A9BAC15E2543500FDAC4E /* Icons */ = {
			isa = PBXGroup;
			children = (
				7CA53034162FF4E2005FACC4 /* btn_videos_deselected.png */,
				7C5A9BB015E2544900FDAC4E /* 60-signpost.png */,
			);
			name = Icons;
			sourceTree = "<group>";
		};
		7C5A9BC615E254C500FDAC4E /* ChemistryVideoStreameriPad */ = {
			isa = PBXGroup;
			children = (
				7C5A9B5315E24A7300FDAC4E /* Supporting Files */,
			);
			name = ChemistryVideoStreameriPad;
			sourceTree = "<group>";
		};
		7C5A9BC715E254E400FDAC4E /* Resources */ = {
			isa = PBXGroup;
			children = (
				7CA52FFE162FF38F005FACC4 /* website_promo.png */,
				7CA52FFF162FF38F005FACC4 /* website_promo@2x.png */,
				7CA53000162FF38F005FACC4 /* web_promo_btn.png */,
				7CA53001162FF38F005FACC4 /* buy_now.png */,
				7CA53002162FF38F005FACC4 /* buy_now@2x.png */,
				7CA53008162FF3A0005FACC4 /* free.png */,
				7CA53009162FF3A0005FACC4 /* subscribe.png */,
				7CA5300A162FF3A0005FACC4 /* Default-Landscape.png */,
				7CA5300B162FF3A0005FACC4 /* Default-Portrait.png */,
				7CA5300C162FF3A0005FACC4 /* Default-Portrait@2x.png */,
				7CA5300D162FF3A0005FACC4 /* Default-Landscape@2x.png */,
				7CA53014162FF3B7005FACC4 /* Background.png */,
				7CA53015162FF3B7005FACC4 /* Background@2x.png */,
				7CA53016162FF3B8005FACC4 /* header_bar.png */,
				7CA53017162FF3B8005FACC4 /* share_intro.png */,
				7CA53018162FF3B8005FACC4 /* share_intro@2x.png */,
				7CA53019162FF3B8005FACC4 /* divider_notifications.png */,
				7CA5301A162FF3B8005FACC4 /* divider_share.png */,
				7CA5301B162FF3B8005FACC4 /* free_and_paid_videos.png */,
				7CA53024162FF41F005FACC4 /* TV_chemistry_header.png */,
				7CA53026162FF440005FACC4 /* hero_chemistry.png */,
				7CA53027162FF440005FACC4 /* hero_chemistry@2x.png */,
				7C5A9BCE15E2552100FDAC4E /* BlackBackGround.png */,
				7CCC134315E7A75E00894EFB /* Icon-72.png */,
				7CA52FFA162FF09E005FACC4 /* Icon-72@2x.png */,
				7CCC134415E7A75E00894EFB /* Icon-Small-50.png */,
				7CA52FFB162FF09E005FACC4 /* Icon-Small-50@2x.png */,
				7CCC134715E7A75E00894EFB /* iTunesArtwork.png */,
				7CA5302A162FF4A6005FACC4 /* icon_email_to_friend.png */,
				7CA5302B162FF4A6005FACC4 /* icon_like_on_facebook.png */,
				7CA5302C162FF4A6005FACC4 /* icon_share_on_twitter.png */,
				7CA5302D162FF4A6005FACC4 /* icon_follow_on_twitter.png */,
				7CA5302E162FF4A6005FACC4 /* icon_share_on_facebook.png */,
			);
			name = Resources;
			sourceTree = "<group>";
		};
/* End PBXGroup section */

/* Begin PBXNativeTarget section */
		7C5A9B4715E24A7300FDAC4E /* ChemistryVideoStreameriPad */ = {
			isa = PBXNativeTarget;
			buildConfigurationList = 7C5A9B7415E24A7300FDAC4E /* Build configuration list for PBXNativeTarget "ChemistryVideoStreameriPad" */;
			buildPhases = (
				7C5A9B4415E24A7300FDAC4E /* Sources */,
				7C5A9B4515E24A7300FDAC4E /* Frameworks */,
				7C5A9B4615E24A7300FDAC4E /* Resources */,
			);
			buildRules = (
			);
			dependencies = (
			);
			name = ChemistryVideoStreameriPad;
			productName = ChemistryVideoStreameriPad;
			productReference = 7C5A9B4815E24A7300FDAC4E /* Chemistry.app */;
			productType = "com.apple.product-type.application";
		};
/* End PBXNativeTarget section */

/* Begin PBXProject section */
		7C5A9B3F15E24A7200FDAC4E /* Project object */ = {
			isa = PBXProject;
			attributes = {
				LastUpgradeCheck = 0430;
				ORGANIZATIONNAME = caxtonidowu;
			};
			buildConfigurationList = 7C5A9B4215E24A7200FDAC4E /* Build configuration list for PBXProject "ChemistryVideoStreameriPad" */;
			compatibilityVersion = "Xcode 3.2";
			developmentRegion = English;
			hasScannedForEncodings = 0;
			knownRegions = (
				en,
			);
			mainGroup = 7C5A9B3D15E24A7200FDAC4E;
			productRefGroup = 7C5A9B4915E24A7300FDAC4E /* Products */;
			projectDirPath = "";
			projectRoot = "";
			targets = (
				7C5A9B4715E24A7300FDAC4E /* ChemistryVideoStreameriPad */,
			);
		};
/* End PBXProject section */

/* Begin PBXResourcesBuildPhase section */
		7C5A9B4615E24A7300FDAC4E /* Resources */ = {
			isa = PBXResourcesBuildPhase;
			buildActionMask = 2147483647;
			files = (
				7C5A9C2215E269C600FDAC4E /* MainWindow.xib in Resources */,
				7C5A9B5715E24A7300FDAC4E /* InfoPlist.strings in Resources */,
				7C5A9B8815E24E7000FDAC4E /* FBDialog.bundle in Resources */,
				7C5A9BB915E2544900FDAC4E /* 60-signpost.png in Resources */,
				7C5A9BD515E2552100FDAC4E /* BlackBackGround.png in Resources */,
				7C7F9CA615E3D2C9000C4F4C /* 1.png in Resources */,
				7C7F9CA715E3D2C9000C4F4C /* 2.png in Resources */,
				7C7F9CA815E3D2C9000C4F4C /* 3.png in Resources */,
				7C7F9CA915E3D2C9000C4F4C /* 4.png in Resources */,
				7C7F9CAA15E3D2C9000C4F4C /* 5.png in Resources */,
				7C7F9CAB15E3D2C9000C4F4C /* 6.png in Resources */,
				7C7F9CAC15E3D2C9000C4F4C /* 7.png in Resources */,
				7C7F9CAD15E3D2C9000C4F4C /* 8.png in Resources */,
				7C7F9CAE15E3D2C9000C4F4C /* 9.png in Resources */,
				7C7F9CAF15E3D2C9000C4F4C /* 10.png in Resources */,
				7C7F9CB015E3D2C9000C4F4C /* 11.png in Resources */,
				7C7F9CB115E3D2C9000C4F4C /* 12.png in Resources */,
				7C7F9CB215E3D2C9000C4F4C /* 13.png in Resources */,
				7C7F9CB315E3D2C9000C4F4C /* 14.png in Resources */,
				7C7F9CB415E3D2C9000C4F4C /* 15.png in Resources */,
				7C7F9CB515E3D2C9000C4F4C /* 16.png in Resources */,
				7C7F9CB615E3D2C9000C4F4C /* 17.png in Resources */,
				7C7F9CB715E3D2C9000C4F4C /* 18.png in Resources */,
				7C7F9CB815E3D2C9000C4F4C /* 19.png in Resources */,
				7C7F9CB915E3D2C9000C4F4C /* 20.png in Resources */,
				7C7F9CBA15E3D2C9000C4F4C /* 21.png in Resources */,
				7C7F9CBB15E3D2C9000C4F4C /* 22.png in Resources */,
				7C7F9CBC15E3D2C9000C4F4C /* 23.png in Resources */,
				7C7F9CBD15E3D2C9000C4F4C /* 24.png in Resources */,
				7C7F9CBE15E3D2C9000C4F4C /* 25.png in Resources */,
				7C7F9CBF15E3D2C9000C4F4C /* 26.png in Resources */,
				7C7F9CC015E3D2C9000C4F4C /* 27.png in Resources */,
				7C7F9CC115E3D2C9000C4F4C /* 28.png in Resources */,
				7C7F9CC215E3D2C9000C4F4C /* 29.png in Resources */,
				7C7F9CC315E3D2C9000C4F4C /* 30.png in Resources */,
				7C7F9CC415E3D2C9000C4F4C /* 31.png in Resources */,
				7C7F9CC515E3D2C9000C4F4C /* 32.png in Resources */,
				7C7F9CC615E3D2C9000C4F4C /* 33.png in Resources */,
				7C7F9CC715E3D2C9000C4F4C /* 34.png in Resources */,
				7C7F9CC815E3D2C9000C4F4C /* 35.png in Resources */,
				7C7F9CC915E3D2C9000C4F4C /* 36.png in Resources */,
				7C7F9CCA15E3D2C9000C4F4C /* 37.png in Resources */,
				7C7F9CCB15E3D2C9000C4F4C /* 38.png in Resources */,
				7C7F9CCC15E3D2C9000C4F4C /* 39.png in Resources */,
				7C7F9CCD15E3D2C9000C4F4C /* 40.png in Resources */,
				7C7F9CCE15E3D2C9000C4F4C /* 41.png in Resources */,
				7C7F9CCF15E3D2C9000C4F4C /* 42.png in Resources */,
				7C7F9CD015E3D2C9000C4F4C /* 43.png in Resources */,
				7C7F9CD115E3D2C9000C4F4C /* 44.png in Resources */,
				7C7F9CD215E3D2C9000C4F4C /* 45.png in Resources */,
				7C7F9CD315E3D2C9000C4F4C /* 46.png in Resources */,
				7C7F9CD415E3D2C9000C4F4C /* 47.png in Resources */,
				7C7F9CD515E3D2C9000C4F4C /* 48.png in Resources */,
				7C7F9CD615E3D2C9000C4F4C /* 49.png in Resources */,
				7C7F9CD715E3D2C9000C4F4C /* 50.png in Resources */,
				7C7F9CD815E3D2C9000C4F4C /* 51.png in Resources */,
				7C7F9CD915E3D2C9000C4F4C /* 52.png in Resources */,
				7C7F9CDA15E3D2C9000C4F4C /* 53.png in Resources */,
				7C7F9CDB15E3D2C9000C4F4C /* 54.png in Resources */,
				7C7F9CDC15E3D2CA000C4F4C /* 55.png in Resources */,
				7C7F9CDD15E3D2CA000C4F4C /* 56.png in Resources */,
				7C7F9CDE15E3D2CA000C4F4C /* 57.png in Resources */,
				7C7F9CDF15E3D2CA000C4F4C /* 58.png in Resources */,
				7C7F9CE015E3D2CA000C4F4C /* 59.png in Resources */,
				7C7F9CE115E3D2CA000C4F4C /* 60.png in Resources */,
				7C7F9CE215E3D2CA000C4F4C /* 61.png in Resources */,
				7C7F9CE315E3D2CA000C4F4C /* 62.png in Resources */,
				7C7F9CE415E3D2CA000C4F4C /* 63.png in Resources */,
				7C7F9CE515E3D2CA000C4F4C /* 64.png in Resources */,
				7C7F9CE615E3D2CA000C4F4C /* 65.png in Resources */,
				7C7F9CE715E3D2CA000C4F4C /* 66.png in Resources */,
				7C7F9CE815E3D2CA000C4F4C /* 67.png in Resources */,
				7C7F9CE915E3D2CA000C4F4C /* 68.png in Resources */,
				7C7F9CEA15E3D2CA000C4F4C /* 69.png in Resources */,
				7C7F9CEB15E3D2CA000C4F4C /* 70.png in Resources */,
				7CCC134815E7A75E00894EFB /* Icon-72.png in Resources */,
				7CCC134915E7A75E00894EFB /* Icon-Small-50.png in Resources */,
				7CCC134C15E7A75E00894EFB /* iTunesArtwork.png in Resources */,
				7CA52FFC162FF09E005FACC4 /* Icon-72@2x.png in Resources */,
				7CA52FFD162FF09E005FACC4 /* Icon-Small-50@2x.png in Resources */,
				7CA53003162FF38F005FACC4 /* website_promo.png in Resources */,
				7CA53004162FF38F005FACC4 /* website_promo@2x.png in Resources */,
				7CA53005162FF38F005FACC4 /* web_promo_btn.png in Resources */,
				7CA53006162FF38F005FACC4 /* buy_now.png in Resources */,
				7CA53007162FF38F005FACC4 /* buy_now@2x.png in Resources */,
				7CA5300E162FF3A0005FACC4 /* free.png in Resources */,
				7CA5300F162FF3A0005FACC4 /* subscribe.png in Resources */,
				7CA53010162FF3A0005FACC4 /* Default-Landscape.png in Resources */,
				7CA53011162FF3A0005FACC4 /* Default-Portrait.png in Resources */,
				7CA53012162FF3A0005FACC4 /* Default-Portrait@2x.png in Resources */,
				7CA53013162FF3A0005FACC4 /* Default-Landscape@2x.png in Resources */,
				7CA5301C162FF3B8005FACC4 /* Background.png in Resources */,
				7CA5301D162FF3B8005FACC4 /* Background@2x.png in Resources */,
				7CA5301E162FF3B8005FACC4 /* header_bar.png in Resources */,
				7CA5301F162FF3B8005FACC4 /* share_intro.png in Resources */,
				7CA53020162FF3B8005FACC4 /* share_intro@2x.png in Resources */,
				7CA53021162FF3B8005FACC4 /* divider_notifications.png in Resources */,
				7CA53022162FF3B8005FACC4 /* divider_share.png in Resources */,
				7CA53023162FF3B8005FACC4 /* free_and_paid_videos.png in Resources */,
				7CA53025162FF41F005FACC4 /* TV_chemistry_header.png in Resources */,
				7CA53028162FF440005FACC4 /* hero_chemistry.png in Resources */,
				7CA53029162FF440005FACC4 /* hero_chemistry@2x.png in Resources */,
				7CA5302F162FF4A6005FACC4 /* icon_email_to_friend.png in Resources */,
				7CA53030162FF4A6005FACC4 /* icon_like_on_facebook.png in Resources */,
				7CA53031162FF4A6005FACC4 /* icon_share_on_twitter.png in Resources */,
				7CA53032162FF4A6005FACC4 /* icon_follow_on_twitter.png in Resources */,
				7CA53033162FF4A6005FACC4 /* icon_share_on_facebook.png in Resources */,
				7CA53035162FF4E2005FACC4 /* btn_videos_deselected.png in Resources */,
				7CA5303C162FFF84005FACC4 /* LearnersCloudTermsonapps.pdf in Resources */,
				7CA5303D162FFF84005FACC4 /* HowtouseVideoStreamer.pdf in Resources */,
			);
			runOnlyForDeploymentPostprocessing = 0;
		};
/* End PBXResourcesBuildPhase section */

/* Begin PBXSourcesBuildPhase section */
		7C5A9B4415E24A7300FDAC4E /* Sources */ = {
			isa = PBXSourcesBuildPhase;
			buildActionMask = 2147483647;
			files = (
				7CA5303E16301D20005FACC4 /* UnderlinedButton.m in Sources */,
				7CA5303F16301D20005FACC4 /* TransparentToolBar.m in Sources */,
				7C5A9C1915E2669800FDAC4E /* Reachability.m in Sources */,
				7C5A9C0815E2596600FDAC4E /* Help.m in Sources */,
				7C5A9C0915E2596600FDAC4E /* TermsAndConditions.m in Sources */,
				7C5A9C0A15E2596600FDAC4E /* HowtoUse.m in Sources */,
				7C5A9C0B15E2596600FDAC4E /* PopUpTableviewViewController.m in Sources */,
				7C5A9C0C15E2596600FDAC4E /* Start.m in Sources */,
				7C5A9C0D15E2596600FDAC4E /* FreeVideosClass.m in Sources */,
				7C5A9C0E15E2596600FDAC4E /* VideoPlayer.m in Sources */,
				7C5A9C0F15E2596600FDAC4E /* Buy.m in Sources */,
				7C5A9C1015E2596600FDAC4E /* CustomStoreObserver.m in Sources */,
				7C5A9C1115E2596600FDAC4E /* AppDelegate.m in Sources */,
				7C5A9C1215E2596600FDAC4E /* TabBar.m in Sources */,
				7C5A9C1315E2596600FDAC4E /* ActivityIndicator.m in Sources */,
				7C5A9C0715E2593900FDAC4E /* Report.m in Sources */,
				7C5A9C0615E2593100FDAC4E /* AdminDashBoard.m in Sources */,
				7C5A9C0515E2592900FDAC4E /* LearnersCloudSamplesVideos.m in Sources */,
				7C5A9C0415E2592100FDAC4E /* ConfigObject.m in Sources */,
				7C5A9B5915E24A7300FDAC4E /* main.m in Sources */,
			);
			runOnlyForDeploymentPostprocessing = 0;
		};
/* End PBXSourcesBuildPhase section */

/* Begin PBXVariantGroup section */
		7C5A9B5515E24A7300FDAC4E /* InfoPlist.strings */ = {
			isa = PBXVariantGroup;
			children = (
				7C5A9B5615E24A7300FDAC4E /* en */,
			);
			name = InfoPlist.strings;
			sourceTree = "<group>";
		};
/* End PBXVariantGroup section */

/* Begin XCBuildConfiguration section */
		7C5A9B7215E24A7300FDAC4E /* Debug */ = {
			isa = XCBuildConfiguration;
			buildSettings = {
				ALWAYS_SEARCH_USER_PATHS = NO;
				ARCHS = "$(ARCHS_STANDARD_32_BIT)";
				CLANG_ENABLE_OBJC_ARC = YES;
				"CODE_SIGN_IDENTITY[sdk=iphoneos*]" = "iPhone Developer";
				COPY_PHASE_STRIP = NO;
				GCC_C_LANGUAGE_STANDARD = gnu99;
				GCC_DYNAMIC_NO_PIC = NO;
				GCC_OPTIMIZATION_LEVEL = 0;
				GCC_PREPROCESSOR_DEFINITIONS = (
					"DEBUG=1",
					"$(inherited)",
				);
				GCC_SYMBOLS_PRIVATE_EXTERN = NO;
				GCC_VERSION = com.apple.compilers.llvm.clang.1_0;
				GCC_WARN_ABOUT_RETURN_TYPE = YES;
				GCC_WARN_UNINITIALIZED_AUTOS = YES;
				GCC_WARN_UNUSED_VARIABLE = YES;
				IPHONEOS_DEPLOYMENT_TARGET = 5.1;
				SDKROOT = iphoneos;
				TARGETED_DEVICE_FAMILY = 2;
			};
			name = Debug;
		};
		7C5A9B7315E24A7300FDAC4E /* Release */ = {
			isa = XCBuildConfiguration;
			buildSettings = {
				ALWAYS_SEARCH_USER_PATHS = NO;
				ARCHS = "$(ARCHS_STANDARD_32_BIT)";
				CLANG_ENABLE_OBJC_ARC = YES;
				"CODE_SIGN_IDENTITY[sdk=iphoneos*]" = "iPhone Developer";
				COPY_PHASE_STRIP = YES;
				GCC_C_LANGUAGE_STANDARD = gnu99;
				GCC_VERSION = com.apple.compilers.llvm.clang.1_0;
				GCC_WARN_ABOUT_RETURN_TYPE = YES;
				GCC_WARN_UNINITIALIZED_AUTOS = YES;
				GCC_WARN_UNUSED_VARIABLE = YES;
				IPHONEOS_DEPLOYMENT_TARGET = 5.1;
				OTHER_CFLAGS = "-DNS_BLOCK_ASSERTIONS=1";
				SDKROOT = iphoneos;
				TARGETED_DEVICE_FAMILY = 2;
				VALIDATE_PRODUCT = YES;
			};
			name = Release;
		};
		7C5A9B7515E24A7300FDAC4E /* Debug */ = {
			isa = XCBuildConfiguration;
			buildSettings = {
				CODE_SIGN_IDENTITY = "iPhone Developer: Joseph caxton (99S98QLWW3)";
				GCC_PRECOMPILE_PREFIX_HEADER = YES;
				GCC_PREFIX_HEADER = "ChemistryVideoStreameriPad/ChemistryVideoStreameriPad-Prefix.pch";
				INFOPLIST_FILE = "ChemistryVideoStreameriPad/ChemistryVideoStreameriPad-Info.plist";
				LIBRARY_SEARCH_PATHS = (
					"$(inherited)",
					"\"$(SRCROOT)/facebook-ios-sdk\"",
					"\"$(SRCROOT)\"",
				);
				PRODUCT_NAME = Chemistry;
				PROVISIONING_PROFILE = "C4460157-077B-4EA6-ABFA-FBB40143C32E";
				VALID_ARCHS = armv7;
				WRAPPER_EXTENSION = app;
			};
			name = Debug;
		};
		7C5A9B7615E24A7300FDAC4E /* Release */ = {
			isa = XCBuildConfiguration;
			buildSettings = {
				CODE_SIGN_IDENTITY = "iPhone Distribution: Theta Computer Services Limited";
				GCC_PRECOMPILE_PREFIX_HEADER = YES;
				GCC_PREFIX_HEADER = "ChemistryVideoStreameriPad/ChemistryVideoStreameriPad-Prefix.pch";
				INFOPLIST_FILE = "ChemistryVideoStreameriPad/ChemistryVideoStreameriPad-Info.plist";
				LIBRARY_SEARCH_PATHS = (
					"$(inherited)",
					"\"$(SRCROOT)/facebook-ios-sdk\"",
					"\"$(SRCROOT)\"",
				);
				PRODUCT_NAME = Chemistry;
				PROVISIONING_PROFILE = "D6F06DB0-57F3-4DD2-9E70-82AA514CB83D";
				VALID_ARCHS = armv7;
				WRAPPER_EXTENSION = app;
			};
			name = Release;
		};
/* End XCBuildConfiguration section */

/* Begin XCConfigurationList section */
		7C5A9B4215E24A7200FDAC4E /* Build configuration list for PBXProject "ChemistryVideoStreameriPad" */ = {
			isa = XCConfigurationList;
			buildConfigurations = (
				7C5A9B7215E24A7300FDAC4E /* Debug */,
				7C5A9B7315E24A7300FDAC4E /* Release */,
			);
			defaultConfigurationIsVisible = 0;
			defaultConfigurationName = Release;
		};
		7C5A9B7415E24A7300FDAC4E /* Build configuration list for PBXNativeTarget "ChemistryVideoStreameriPad" */ = {
			isa = XCConfigurationList;
			buildConfigurations = (
				7C5A9B7515E24A7300FDAC4E /* Debug */,
				7C5A9B7615E24A7300FDAC4E /* Release */,
			);
			defaultConfigurationIsVisible = 0;
			defaultConfigurationName = Release;
		};
/* End XCConfigurationList section */
	};
	rootObject = 7C5A9B3F15E24A7200FDAC4E /* Project object */;
}
